{
	"name": "cosmic-cursor",
	"version": "6.0.1",
	"lockfileVersion": 2,
	"requires": true,
	"packages": {
		"": {
			"name": "cosmic-cursor",
			"version": "6.0.1",
			"hasInstallScript": true,
			"dependencies": {
				"typescript": "^5.7.2"
			},
			"devDependencies": {
				"@thisismanta/semantic-version": "^9.1.0",
				"@types/lodash": "^4.17.13",
				"@types/node": "^20.0.0",
				"@types/vscode": "^1.92.0",
				"esbuild": "^0.24.0",
				"lefthook": "^1.8.4",
				"lodash": "^4.17.21"
			},
			"engines": {
				"node": ">=20.0.0",
				"vscode": "^1.92.0"
			}
		},
		"node_modules/@actions/github": {
			"version": "6.0.0",
			"resolved": "https://registry.npmjs.org/@actions/github/-/github-6.0.0.tgz",
			"integrity": "sha512-alScpSVnYmjNEXboZjarjukQEzgCRmjMv6Xj47fsdnqGS73bjJNDpiiXmp8jr0UZLdUB6d9jW63IcmddUP+l0g==",
			"dev": true,
			"dependencies": {
				"@actions/http-client": "^2.2.0",
				"@octokit/core": "^5.0.1",
				"@octokit/plugin-paginate-rest": "^9.0.0",
				"@octokit/plugin-rest-endpoint-methods": "^10.0.0"
			}
		},
		"node_modules/@actions/http-client": {
			"version": "2.2.0",
			"resolved": "https://registry.npmjs.org/@actions/http-client/-/http-client-2.2.0.tgz",
			"integrity": "sha512-q+epW0trjVUUHboliPb4UF9g2msf+w61b32tAkFEwL/IwP0DQWgbCMM0Hbe3e3WXSKz5VcUXbzJQgy8Hkra/Lg==",
			"dev": true,
			"dependencies": {
				"tunnel": "^0.0.6",
				"undici": "^5.25.4"
			}
		},
		"node_modules/@esbuild/aix-ppc64": {
			"version": "0.24.0",
			"resolved": "https://registry.npmjs.org/@esbuild/aix-ppc64/-/aix-ppc64-0.24.0.tgz",
			"integrity": "sha512-WtKdFM7ls47zkKHFVzMz8opM7LkcsIp9amDUBIAWirg70RM71WRSjdILPsY5Uv1D42ZpUfaPILDlfactHgsRkw==",
			"cpu": [
				"ppc64"
			],
			"dev": true,
			"license": "MIT",
			"optional": true,
			"os": [
				"aix"
			],
			"engines": {
				"node": ">=18"
			}
		},
		"node_modules/@esbuild/android-arm": {
			"version": "0.24.0",
			"resolved": "https://registry.npmjs.org/@esbuild/android-arm/-/android-arm-0.24.0.tgz",
			"integrity": "sha512-arAtTPo76fJ/ICkXWetLCc9EwEHKaeya4vMrReVlEIUCAUncH7M4bhMQ+M9Vf+FFOZJdTNMXNBrWwW+OXWpSew==",
			"cpu": [
				"arm"
			],
			"dev": true,
			"license": "MIT",
			"optional": true,
			"os": [
				"android"
			],
			"engines": {
				"node": ">=18"
			}
		},
		"node_modules/@esbuild/android-arm64": {
			"version": "0.24.0",
			"resolved": "https://registry.npmjs.org/@esbuild/android-arm64/-/android-arm64-0.24.0.tgz",
			"integrity": "sha512-Vsm497xFM7tTIPYK9bNTYJyF/lsP590Qc1WxJdlB6ljCbdZKU9SY8i7+Iin4kyhV/KV5J2rOKsBQbB77Ab7L/w==",
			"cpu": [
				"arm64"
			],
			"dev": true,
			"license": "MIT",
			"optional": true,
			"os": [
				"android"
			],
			"engines": {
				"node": ">=18"
			}
		},
		"node_modules/@esbuild/android-x64": {
			"version": "0.24.0",
			"resolved": "https://registry.npmjs.org/@esbuild/android-x64/-/android-x64-0.24.0.tgz",
			"integrity": "sha512-t8GrvnFkiIY7pa7mMgJd7p8p8qqYIz1NYiAoKc75Zyv73L3DZW++oYMSHPRarcotTKuSs6m3hTOa5CKHaS02TQ==",
			"cpu": [
				"x64"
			],
			"dev": true,
			"license": "MIT",
			"optional": true,
			"os": [
				"android"
			],
			"engines": {
				"node": ">=18"
			}
		},
		"node_modules/@esbuild/darwin-arm64": {
			"version": "0.24.0",
			"resolved": "https://registry.npmjs.org/@esbuild/darwin-arm64/-/darwin-arm64-0.24.0.tgz",
			"integrity": "sha512-CKyDpRbK1hXwv79soeTJNHb5EiG6ct3efd/FTPdzOWdbZZfGhpbcqIpiD0+vwmpu0wTIL97ZRPZu8vUt46nBSw==",
			"cpu": [
				"arm64"
			],
			"dev": true,
			"license": "MIT",
			"optional": true,
			"os": [
				"darwin"
			],
			"engines": {
				"node": ">=18"
			}
		},
		"node_modules/@esbuild/darwin-x64": {
			"version": "0.24.0",
			"resolved": "https://registry.npmjs.org/@esbuild/darwin-x64/-/darwin-x64-0.24.0.tgz",
			"integrity": "sha512-rgtz6flkVkh58od4PwTRqxbKH9cOjaXCMZgWD905JOzjFKW+7EiUObfd/Kav+A6Gyud6WZk9w+xu6QLytdi2OA==",
			"cpu": [
				"x64"
			],
			"dev": true,
			"license": "MIT",
			"optional": true,
			"os": [
				"darwin"
			],
			"engines": {
				"node": ">=18"
			}
		},
		"node_modules/@esbuild/freebsd-arm64": {
			"version": "0.24.0",
			"resolved": "https://registry.npmjs.org/@esbuild/freebsd-arm64/-/freebsd-arm64-0.24.0.tgz",
			"integrity": "sha512-6Mtdq5nHggwfDNLAHkPlyLBpE5L6hwsuXZX8XNmHno9JuL2+bg2BX5tRkwjyfn6sKbxZTq68suOjgWqCicvPXA==",
			"cpu": [
				"arm64"
			],
			"dev": true,
			"license": "MIT",
			"optional": true,
			"os": [
				"freebsd"
			],
			"engines": {
				"node": ">=18"
			}
		},
		"node_modules/@esbuild/freebsd-x64": {
			"version": "0.24.0",
			"resolved": "https://registry.npmjs.org/@esbuild/freebsd-x64/-/freebsd-x64-0.24.0.tgz",
			"integrity": "sha512-D3H+xh3/zphoX8ck4S2RxKR6gHlHDXXzOf6f/9dbFt/NRBDIE33+cVa49Kil4WUjxMGW0ZIYBYtaGCa2+OsQwQ==",
			"cpu": [
				"x64"
			],
			"dev": true,
			"license": "MIT",
			"optional": true,
			"os": [
				"freebsd"
			],
			"engines": {
				"node": ">=18"
			}
		},
		"node_modules/@esbuild/linux-arm": {
			"version": "0.24.0",
			"resolved": "https://registry.npmjs.org/@esbuild/linux-arm/-/linux-arm-0.24.0.tgz",
			"integrity": "sha512-gJKIi2IjRo5G6Glxb8d3DzYXlxdEj2NlkixPsqePSZMhLudqPhtZ4BUrpIuTjJYXxvF9njql+vRjB2oaC9XpBw==",
			"cpu": [
				"arm"
			],
			"dev": true,
			"license": "MIT",
			"optional": true,
			"os": [
				"linux"
			],
			"engines": {
				"node": ">=18"
			}
		},
		"node_modules/@esbuild/linux-arm64": {
			"version": "0.24.0",
			"resolved": "https://registry.npmjs.org/@esbuild/linux-arm64/-/linux-arm64-0.24.0.tgz",
			"integrity": "sha512-TDijPXTOeE3eaMkRYpcy3LarIg13dS9wWHRdwYRnzlwlA370rNdZqbcp0WTyyV/k2zSxfko52+C7jU5F9Tfj1g==",
			"cpu": [
				"arm64"
			],
			"dev": true,
			"license": "MIT",
			"optional": true,
			"os": [
				"linux"
			],
			"engines": {
				"node": ">=18"
			}
		},
		"node_modules/@esbuild/linux-ia32": {
			"version": "0.24.0",
			"resolved": "https://registry.npmjs.org/@esbuild/linux-ia32/-/linux-ia32-0.24.0.tgz",
			"integrity": "sha512-K40ip1LAcA0byL05TbCQ4yJ4swvnbzHscRmUilrmP9Am7//0UjPreh4lpYzvThT2Quw66MhjG//20mrufm40mA==",
			"cpu": [
				"ia32"
			],
			"dev": true,
			"license": "MIT",
			"optional": true,
			"os": [
				"linux"
			],
			"engines": {
				"node": ">=18"
			}
		},
		"node_modules/@esbuild/linux-loong64": {
			"version": "0.24.0",
			"resolved": "https://registry.npmjs.org/@esbuild/linux-loong64/-/linux-loong64-0.24.0.tgz",
			"integrity": "sha512-0mswrYP/9ai+CU0BzBfPMZ8RVm3RGAN/lmOMgW4aFUSOQBjA31UP8Mr6DDhWSuMwj7jaWOT0p0WoZ6jeHhrD7g==",
			"cpu": [
				"loong64"
			],
			"dev": true,
			"license": "MIT",
			"optional": true,
			"os": [
				"linux"
			],
			"engines": {
				"node": ">=18"
			}
		},
		"node_modules/@esbuild/linux-mips64el": {
			"version": "0.24.0",
			"resolved": "https://registry.npmjs.org/@esbuild/linux-mips64el/-/linux-mips64el-0.24.0.tgz",
			"integrity": "sha512-hIKvXm0/3w/5+RDtCJeXqMZGkI2s4oMUGj3/jM0QzhgIASWrGO5/RlzAzm5nNh/awHE0A19h/CvHQe6FaBNrRA==",
			"cpu": [
				"mips64el"
			],
			"dev": true,
			"license": "MIT",
			"optional": true,
			"os": [
				"linux"
			],
			"engines": {
				"node": ">=18"
			}
		},
		"node_modules/@esbuild/linux-ppc64": {
			"version": "0.24.0",
			"resolved": "https://registry.npmjs.org/@esbuild/linux-ppc64/-/linux-ppc64-0.24.0.tgz",
			"integrity": "sha512-HcZh5BNq0aC52UoocJxaKORfFODWXZxtBaaZNuN3PUX3MoDsChsZqopzi5UupRhPHSEHotoiptqikjN/B77mYQ==",
			"cpu": [
				"ppc64"
			],
			"dev": true,
			"license": "MIT",
			"optional": true,
			"os": [
				"linux"
			],
			"engines": {
				"node": ">=18"
			}
		},
		"node_modules/@esbuild/linux-riscv64": {
			"version": "0.24.0",
			"resolved": "https://registry.npmjs.org/@esbuild/linux-riscv64/-/linux-riscv64-0.24.0.tgz",
			"integrity": "sha512-bEh7dMn/h3QxeR2KTy1DUszQjUrIHPZKyO6aN1X4BCnhfYhuQqedHaa5MxSQA/06j3GpiIlFGSsy1c7Gf9padw==",
			"cpu": [
				"riscv64"
			],
			"dev": true,
			"license": "MIT",
			"optional": true,
			"os": [
				"linux"
			],
			"engines": {
				"node": ">=18"
			}
		},
		"node_modules/@esbuild/linux-s390x": {
			"version": "0.24.0",
			"resolved": "https://registry.npmjs.org/@esbuild/linux-s390x/-/linux-s390x-0.24.0.tgz",
			"integrity": "sha512-ZcQ6+qRkw1UcZGPyrCiHHkmBaj9SiCD8Oqd556HldP+QlpUIe2Wgn3ehQGVoPOvZvtHm8HPx+bH20c9pvbkX3g==",
			"cpu": [
				"s390x"
			],
			"dev": true,
			"license": "MIT",
			"optional": true,
			"os": [
				"linux"
			],
			"engines": {
				"node": ">=18"
			}
		},
		"node_modules/@esbuild/linux-x64": {
			"version": "0.24.0",
			"resolved": "https://registry.npmjs.org/@esbuild/linux-x64/-/linux-x64-0.24.0.tgz",
			"integrity": "sha512-vbutsFqQ+foy3wSSbmjBXXIJ6PL3scghJoM8zCL142cGaZKAdCZHyf+Bpu/MmX9zT9Q0zFBVKb36Ma5Fzfa8xA==",
			"cpu": [
				"x64"
			],
			"dev": true,
			"license": "MIT",
			"optional": true,
			"os": [
				"linux"
			],
			"engines": {
				"node": ">=18"
			}
		},
		"node_modules/@esbuild/netbsd-x64": {
			"version": "0.24.0",
			"resolved": "https://registry.npmjs.org/@esbuild/netbsd-x64/-/netbsd-x64-0.24.0.tgz",
			"integrity": "sha512-hjQ0R/ulkO8fCYFsG0FZoH+pWgTTDreqpqY7UnQntnaKv95uP5iW3+dChxnx7C3trQQU40S+OgWhUVwCjVFLvg==",
			"cpu": [
				"x64"
			],
			"dev": true,
			"license": "MIT",
			"optional": true,
			"os": [
				"netbsd"
			],
			"engines": {
				"node": ">=18"
			}
		},
		"node_modules/@esbuild/openbsd-arm64": {
			"version": "0.24.0",
			"resolved": "https://registry.npmjs.org/@esbuild/openbsd-arm64/-/openbsd-arm64-0.24.0.tgz",
			"integrity": "sha512-MD9uzzkPQbYehwcN583yx3Tu5M8EIoTD+tUgKF982WYL9Pf5rKy9ltgD0eUgs8pvKnmizxjXZyLt0z6DC3rRXg==",
			"cpu": [
				"arm64"
			],
			"dev": true,
			"license": "MIT",
			"optional": true,
			"os": [
				"openbsd"
			],
			"engines": {
				"node": ">=18"
			}
		},
		"node_modules/@esbuild/openbsd-x64": {
			"version": "0.24.0",
			"resolved": "https://registry.npmjs.org/@esbuild/openbsd-x64/-/openbsd-x64-0.24.0.tgz",
			"integrity": "sha512-4ir0aY1NGUhIC1hdoCzr1+5b43mw99uNwVzhIq1OY3QcEwPDO3B7WNXBzaKY5Nsf1+N11i1eOfFcq+D/gOS15Q==",
			"cpu": [
				"x64"
			],
			"dev": true,
			"license": "MIT",
			"optional": true,
			"os": [
				"openbsd"
			],
			"engines": {
				"node": ">=18"
			}
		},
		"node_modules/@esbuild/sunos-x64": {
			"version": "0.24.0",
			"resolved": "https://registry.npmjs.org/@esbuild/sunos-x64/-/sunos-x64-0.24.0.tgz",
			"integrity": "sha512-jVzdzsbM5xrotH+W5f1s+JtUy1UWgjU0Cf4wMvffTB8m6wP5/kx0KiaLHlbJO+dMgtxKV8RQ/JvtlFcdZ1zCPA==",
			"cpu": [
				"x64"
			],
			"dev": true,
			"license": "MIT",
			"optional": true,
			"os": [
				"sunos"
			],
			"engines": {
				"node": ">=18"
			}
		},
		"node_modules/@esbuild/win32-arm64": {
			"version": "0.24.0",
			"resolved": "https://registry.npmjs.org/@esbuild/win32-arm64/-/win32-arm64-0.24.0.tgz",
			"integrity": "sha512-iKc8GAslzRpBytO2/aN3d2yb2z8XTVfNV0PjGlCxKo5SgWmNXx82I/Q3aG1tFfS+A2igVCY97TJ8tnYwpUWLCA==",
			"cpu": [
				"arm64"
			],
			"dev": true,
			"license": "MIT",
			"optional": true,
			"os": [
				"win32"
			],
			"engines": {
				"node": ">=18"
			}
		},
		"node_modules/@esbuild/win32-ia32": {
			"version": "0.24.0",
			"resolved": "https://registry.npmjs.org/@esbuild/win32-ia32/-/win32-ia32-0.24.0.tgz",
			"integrity": "sha512-vQW36KZolfIudCcTnaTpmLQ24Ha1RjygBo39/aLkM2kmjkWmZGEJ5Gn9l5/7tzXA42QGIoWbICfg6KLLkIw6yw==",
			"cpu": [
				"ia32"
			],
			"dev": true,
			"license": "MIT",
			"optional": true,
			"os": [
				"win32"
			],
			"engines": {
				"node": ">=18"
			}
		},
		"node_modules/@esbuild/win32-x64": {
			"version": "0.24.0",
			"resolved": "https://registry.npmjs.org/@esbuild/win32-x64/-/win32-x64-0.24.0.tgz",
			"integrity": "sha512-7IAFPrjSQIJrGsK6flwg7NFmwBoSTyF3rl7If0hNUFQU4ilTsEPL6GuMuU9BfIWVVGuRnuIidkSMC+c0Otu8IA==",
			"cpu": [
				"x64"
			],
			"dev": true,
			"license": "MIT",
			"optional": true,
			"os": [
				"win32"
			],
			"engines": {
				"node": ">=18"
			}
		},
		"node_modules/@fastify/busboy": {
			"version": "2.1.0",
			"resolved": "https://registry.npmjs.org/@fastify/busboy/-/busboy-2.1.0.tgz",
			"integrity": "sha512-+KpH+QxZU7O4675t3mnkQKcZZg56u+K/Ct2K+N2AZYNVK8kyeo/bI18tI8aPm3tvNNRyTWfj6s5tnGNlcbQRsA==",
			"dev": true,
			"engines": {
				"node": ">=14"
			}
		},
		"node_modules/@octokit/auth-token": {
			"version": "4.0.0",
			"resolved": "https://registry.npmjs.org/@octokit/auth-token/-/auth-token-4.0.0.tgz",
			"integrity": "sha512-tY/msAuJo6ARbK6SPIxZrPBms3xPbfwBrulZe0Wtr/DIY9lje2HeV1uoebShn6mx7SjCHif6EjMvoREj+gZ+SA==",
			"dev": true,
			"engines": {
				"node": ">= 18"
			}
		},
		"node_modules/@octokit/core": {
			"version": "5.1.0",
			"resolved": "https://registry.npmjs.org/@octokit/core/-/core-5.1.0.tgz",
			"integrity": "sha512-BDa2VAMLSh3otEiaMJ/3Y36GU4qf6GI+VivQ/P41NC6GHcdxpKlqV0ikSZ5gdQsmS3ojXeRx5vasgNTinF0Q4g==",
			"dev": true,
			"dependencies": {
				"@octokit/auth-token": "^4.0.0",
				"@octokit/graphql": "^7.0.0",
				"@octokit/request": "^8.0.2",
				"@octokit/request-error": "^5.0.0",
				"@octokit/types": "^12.0.0",
				"before-after-hook": "^2.2.0",
				"universal-user-agent": "^6.0.0"
			},
			"engines": {
				"node": ">= 18"
			}
		},
		"node_modules/@octokit/endpoint": {
			"version": "9.0.4",
			"resolved": "https://registry.npmjs.org/@octokit/endpoint/-/endpoint-9.0.4.tgz",
			"integrity": "sha512-DWPLtr1Kz3tv8L0UvXTDP1fNwM0S+z6EJpRcvH66orY6Eld4XBMCSYsaWp4xIm61jTWxK68BrR7ibO+vSDnZqw==",
			"dev": true,
			"dependencies": {
				"@octokit/types": "^12.0.0",
				"universal-user-agent": "^6.0.0"
			},
			"engines": {
				"node": ">= 18"
			}
		},
		"node_modules/@octokit/graphql": {
			"version": "7.0.2",
			"resolved": "https://registry.npmjs.org/@octokit/graphql/-/graphql-7.0.2.tgz",
			"integrity": "sha512-OJ2iGMtj5Tg3s6RaXH22cJcxXRi7Y3EBqbHTBRq+PQAqfaS8f/236fUrWhfSn8P4jovyzqucxme7/vWSSZBX2Q==",
			"dev": true,
			"dependencies": {
				"@octokit/request": "^8.0.1",
				"@octokit/types": "^12.0.0",
				"universal-user-agent": "^6.0.0"
			},
			"engines": {
				"node": ">= 18"
			}
		},
		"node_modules/@octokit/openapi-types": {
			"version": "19.1.0",
			"resolved": "https://registry.npmjs.org/@octokit/openapi-types/-/openapi-types-19.1.0.tgz",
			"integrity": "sha512-6G+ywGClliGQwRsjvqVYpklIfa7oRPA0vyhPQG/1Feh+B+wU0vGH1JiJ5T25d3g1JZYBHzR2qefLi9x8Gt+cpw==",
			"dev": true
		},
		"node_modules/@octokit/plugin-paginate-rest": {
			"version": "9.1.5",
			"resolved": "https://registry.npmjs.org/@octokit/plugin-paginate-rest/-/plugin-paginate-rest-9.1.5.tgz",
			"integrity": "sha512-WKTQXxK+bu49qzwv4qKbMMRXej1DU2gq017euWyKVudA6MldaSSQuxtz+vGbhxV4CjxpUxjZu6rM2wfc1FiWVg==",
			"dev": true,
			"dependencies": {
				"@octokit/types": "^12.4.0"
			},
			"engines": {
				"node": ">= 18"
			},
			"peerDependencies": {
				"@octokit/core": ">=5"
			}
		},
		"node_modules/@octokit/plugin-rest-endpoint-methods": {
			"version": "10.2.0",
			"resolved": "https://registry.npmjs.org/@octokit/plugin-rest-endpoint-methods/-/plugin-rest-endpoint-methods-10.2.0.tgz",
			"integrity": "sha512-ePbgBMYtGoRNXDyKGvr9cyHjQ163PbwD0y1MkDJCpkO2YH4OeXX40c4wYHKikHGZcpGPbcRLuy0unPUuafco8Q==",
			"dev": true,
			"dependencies": {
				"@octokit/types": "^12.3.0"
			},
			"engines": {
				"node": ">= 18"
			},
			"peerDependencies": {
				"@octokit/core": ">=5"
			}
		},
		"node_modules/@octokit/request": {
			"version": "8.1.6",
			"resolved": "https://registry.npmjs.org/@octokit/request/-/request-8.1.6.tgz",
			"integrity": "sha512-YhPaGml3ncZC1NfXpP3WZ7iliL1ap6tLkAp6MvbK2fTTPytzVUyUesBBogcdMm86uRYO5rHaM1xIWxigWZ17MQ==",
			"dev": true,
			"dependencies": {
				"@octokit/endpoint": "^9.0.0",
				"@octokit/request-error": "^5.0.0",
				"@octokit/types": "^12.0.0",
				"universal-user-agent": "^6.0.0"
			},
			"engines": {
				"node": ">= 18"
			}
		},
		"node_modules/@octokit/request-error": {
			"version": "5.0.1",
			"resolved": "https://registry.npmjs.org/@octokit/request-error/-/request-error-5.0.1.tgz",
			"integrity": "sha512-X7pnyTMV7MgtGmiXBwmO6M5kIPrntOXdyKZLigNfQWSEQzVxR4a4vo49vJjTWX70mPndj8KhfT4Dx+2Ng3vnBQ==",
			"dev": true,
			"dependencies": {
				"@octokit/types": "^12.0.0",
				"deprecation": "^2.0.0",
				"once": "^1.4.0"
			},
			"engines": {
				"node": ">= 18"
			}
		},
		"node_modules/@octokit/types": {
			"version": "12.4.0",
			"resolved": "https://registry.npmjs.org/@octokit/types/-/types-12.4.0.tgz",
			"integrity": "sha512-FLWs/AvZllw/AGVs+nJ+ELCDZZJk+kY0zMen118xhL2zD0s1etIUHm1odgjP7epxYU1ln7SZxEUWYop5bhsdgQ==",
			"dev": true,
			"dependencies": {
				"@octokit/openapi-types": "^19.1.0"
			}
		},
		"node_modules/@thisismanta/semantic-version": {
			"version": "9.1.0",
			"resolved": "https://registry.npmjs.org/@thisismanta/semantic-version/-/semantic-version-9.1.0.tgz",
			"integrity": "sha512-7L7uvSfyG1O8+zMkVnWuYPuO32HusMnQ5wwcbPvzvPMBK6Y1rEVwLUDmTb2Xa29Z+SPj0Z9mw2X17AxLAPv+Gg==",
			"dev": true,
			"dependencies": {
				"@actions/github": "^6.0.0",
				"semver": "^7.6.3"
			},
			"bin": {
				"auto-npm-version": "bin/auto-npm-version",
				"lint-commit-message": "bin/lint-commit-message"
			},
			"engines": {
				"node": ">=20.0.0"
			}
		},
		"node_modules/@types/lodash": {
			"version": "4.17.13",
			"resolved": "https://registry.npmjs.org/@types/lodash/-/lodash-4.17.13.tgz",
			"integrity": "sha512-lfx+dftrEZcdBPczf9d0Qv0x+j/rfNCMuC6OcfXmO8gkfeNAY88PgKUbvG56whcN23gc27yenwF6oJZXGFpYxg==",
			"dev": true,
			"license": "MIT"
		},
		"node_modules/@types/node": {
			"version": "20.17.7",
			"resolved": "https://registry.npmjs.org/@types/node/-/node-20.17.7.tgz",
			"integrity": "sha512-sZXXnpBFMKbao30dUAvzKbdwA2JM1fwUtVEq/kxKuPI5mMwZiRElCpTXb0Biq/LMEVpXDZL5G5V0RPnxKeyaYg==",
			"dev": true,
			"license": "MIT",
			"dependencies": {
				"undici-types": "~6.19.2"
			}
		},
		"node_modules/@types/vscode": {
			"version": "1.92.0",
			"resolved": "https://registry.npmjs.org/@types/vscode/-/vscode-1.92.0.tgz",
			"integrity": "sha512-DcZoCj17RXlzB4XJ7IfKdPTcTGDLYvTOcTNkvtjXWF+K2TlKzHHkBEXNWQRpBIXixNEUgx39cQeTFunY0E2msw==",
			"dev": true
		},
		"node_modules/before-after-hook": {
			"version": "2.2.3",
			"resolved": "https://registry.npmjs.org/before-after-hook/-/before-after-hook-2.2.3.tgz",
			"integrity": "sha512-NzUnlZexiaH/46WDhANlyR2bXRopNg4F/zuSA3OpZnllCUgRaOF2znDioDWrmbNVsuZk6l9pMquQB38cfBZwkQ==",
			"dev": true
		},
		"node_modules/deprecation": {
			"version": "2.3.1",
			"resolved": "https://registry.npmjs.org/deprecation/-/deprecation-2.3.1.tgz",
			"integrity": "sha512-xmHIy4F3scKVwMsQ4WnVaS8bHOx0DmVwRywosKhaILI0ywMDWPtBSku2HNxRvF7jtwDRsoEwYQSfbxj8b7RlJQ==",
			"dev": true
		},
		"node_modules/esbuild": {
			"version": "0.24.0",
			"resolved": "https://registry.npmjs.org/esbuild/-/esbuild-0.24.0.tgz",
			"integrity": "sha512-FuLPevChGDshgSicjisSooU0cemp/sGXR841D5LHMB7mTVOmsEHcAxaH3irL53+8YDIeVNQEySh4DaYU/iuPqQ==",
			"dev": true,
			"hasInstallScript": true,
			"license": "MIT",
			"bin": {
				"esbuild": "bin/esbuild"
			},
			"engines": {
				"node": ">=18"
			},
			"optionalDependencies": {
				"@esbuild/aix-ppc64": "0.24.0",
				"@esbuild/android-arm": "0.24.0",
				"@esbuild/android-arm64": "0.24.0",
				"@esbuild/android-x64": "0.24.0",
				"@esbuild/darwin-arm64": "0.24.0",
				"@esbuild/darwin-x64": "0.24.0",
				"@esbuild/freebsd-arm64": "0.24.0",
				"@esbuild/freebsd-x64": "0.24.0",
				"@esbuild/linux-arm": "0.24.0",
				"@esbuild/linux-arm64": "0.24.0",
				"@esbuild/linux-ia32": "0.24.0",
				"@esbuild/linux-loong64": "0.24.0",
				"@esbuild/linux-mips64el": "0.24.0",
				"@esbuild/linux-ppc64": "0.24.0",
				"@esbuild/linux-riscv64": "0.24.0",
				"@esbuild/linux-s390x": "0.24.0",
				"@esbuild/linux-x64": "0.24.0",
				"@esbuild/netbsd-x64": "0.24.0",
				"@esbuild/openbsd-arm64": "0.24.0",
				"@esbuild/openbsd-x64": "0.24.0",
				"@esbuild/sunos-x64": "0.24.0",
				"@esbuild/win32-arm64": "0.24.0",
				"@esbuild/win32-ia32": "0.24.0",
				"@esbuild/win32-x64": "0.24.0"
			}
		},
		"node_modules/lefthook": {
			"version": "1.8.4",
			"resolved": "https://registry.npmjs.org/lefthook/-/lefthook-1.8.4.tgz",
			"integrity": "sha512-XNyMaTWNRuADOaocYiHidgNkNDz8SCekpdNJ7lqceFcBT2zjumnb28/o7IMaNROpLBZdQkLkJXSeaQWGqn3kog==",
			"dev": true,
			"hasInstallScript": true,
			"license": "MIT",
			"bin": {
				"lefthook": "bin/index.js"
			},
			"optionalDependencies": {
				"lefthook-darwin-arm64": "1.8.4",
				"lefthook-darwin-x64": "1.8.4",
				"lefthook-freebsd-arm64": "1.8.4",
				"lefthook-freebsd-x64": "1.8.4",
				"lefthook-linux-arm64": "1.8.4",
				"lefthook-linux-x64": "1.8.4",
				"lefthook-openbsd-arm64": "1.8.4",
				"lefthook-openbsd-x64": "1.8.4",
				"lefthook-windows-arm64": "1.8.4",
				"lefthook-windows-x64": "1.8.4"
			}
		},
		"node_modules/lefthook-darwin-arm64": {
			"version": "1.8.4",
			"resolved": "https://registry.npmjs.org/lefthook-darwin-arm64/-/lefthook-darwin-arm64-1.8.4.tgz",
			"integrity": "sha512-OS5MsU0gvd8LYSpuQCHtmDUqwNrJ/LjCO0LGC1wNepY4OkuVl9DfX+rQ506CVUQYZiGVcwy2/qPOOBjNzA5+wQ==",
			"cpu": [
				"arm64"
			],
			"dev": true,
			"license": "MIT",
			"optional": true,
			"os": [
				"darwin"
			]
		},
		"node_modules/lefthook-darwin-x64": {
			"version": "1.8.4",
			"resolved": "https://registry.npmjs.org/lefthook-darwin-x64/-/lefthook-darwin-x64-1.8.4.tgz",
			"integrity": "sha512-QLRsqK9aTMRcVW8qz4pzI2OWnGCEcaEPJlIiFjwstYsS+wfkooxOS0UkfVMjy+QoGgEcki+cxF/FoY7lE7DDtw==",
			"cpu": [
				"x64"
			],
			"dev": true,
			"license": "MIT",
			"optional": true,
			"os": [
				"darwin"
			]
		},
		"node_modules/lefthook-freebsd-arm64": {
			"version": "1.8.4",
			"resolved": "https://registry.npmjs.org/lefthook-freebsd-arm64/-/lefthook-freebsd-arm64-1.8.4.tgz",
			"integrity": "sha512-chnQ1m/Cmn9c0sLdk5HL2SToE5LBJv5uQMdH1IGRRcw+nEqWqrMnDXvM75caiJAyjmUGvPH3czKTJDzTFV1E+A==",
			"cpu": [
				"arm64"
			],
			"dev": true,
			"license": "MIT",
			"optional": true,
			"os": [
				"freebsd"
			]
		},
		"node_modules/lefthook-freebsd-x64": {
			"version": "1.8.4",
			"resolved": "https://registry.npmjs.org/lefthook-freebsd-x64/-/lefthook-freebsd-x64-1.8.4.tgz",
			"integrity": "sha512-KQi+WBUdnGLnK0rHOR58kbMH5TDVN1ZjZLu66Pv9FCG7Y7shR1qtaTXu+wmxdRhMvaLeQIXRsUEPjNRC66yMmA==",
			"cpu": [
				"x64"
			],
			"dev": true,
			"license": "MIT",
			"optional": true,
			"os": [
				"freebsd"
			]
		},
		"node_modules/lefthook-linux-arm64": {
			"version": "1.8.4",
			"resolved": "https://registry.npmjs.org/lefthook-linux-arm64/-/lefthook-linux-arm64-1.8.4.tgz",
			"integrity": "sha512-CXNcqIskLwTwQARidGdFqmNxpvOU3jsWPK4KA7pq2+QmlWJ64w98ebMvNBoUmRUCXqzmUm7Udf/jpfz2fobewQ==",
			"cpu": [
				"arm64"
			],
			"dev": true,
			"license": "MIT",
			"optional": true,
			"os": [
				"linux"
			]
		},
		"node_modules/lefthook-linux-x64": {
			"version": "1.8.4",
			"resolved": "https://registry.npmjs.org/lefthook-linux-x64/-/lefthook-linux-x64-1.8.4.tgz",
			"integrity": "sha512-pVNITkFBxUCEtamWSM/res2Gd48+m9YKbNyIBndAuZVC5pKV5aGKZy2DNq6PWUPYiUDPx+7hoAtCJg/tlAiqhw==",
			"cpu": [
				"x64"
			],
			"dev": true,
			"license": "MIT",
			"optional": true,
			"os": [
				"linux"
			]
		},
		"node_modules/lefthook-openbsd-arm64": {
			"version": "1.8.4",
			"resolved": "https://registry.npmjs.org/lefthook-openbsd-arm64/-/lefthook-openbsd-arm64-1.8.4.tgz",
			"integrity": "sha512-l+i/Dg5X36kYzhpMGSPE3rMbWy1KSytbLB9lY1PmxYb6LRH6iQTYIoxvLabVUwSBPSq8HtIFa50+bvC5+scfVA==",
			"cpu": [
				"arm64"
			],
			"dev": true,
			"license": "MIT",
			"optional": true,
			"os": [
				"openbsd"
			]
		},
		"node_modules/lefthook-openbsd-x64": {
			"version": "1.8.4",
			"resolved": "https://registry.npmjs.org/lefthook-openbsd-x64/-/lefthook-openbsd-x64-1.8.4.tgz",
			"integrity": "sha512-CqhDDPPX8oHzMLgNi/Reba823DRzj+eMNWQ8axvSiIG+zmG1w20xZH5QSs/mD3tjrND90yfDd90mWMt181qPyA==",
			"cpu": [
				"x64"
			],
			"dev": true,
			"license": "MIT",
			"optional": true,
			"os": [
				"openbsd"
			]
		},
		"node_modules/lefthook-windows-arm64": {
			"version": "1.8.4",
			"resolved": "https://registry.npmjs.org/lefthook-windows-arm64/-/lefthook-windows-arm64-1.8.4.tgz",
			"integrity": "sha512-dvpvorICmVjmw29Aiczg7DcaSzkd86bEBomiGq4UsAEk3+7ExLrlWJDLFsI6xLjMKmTxy+F7eXb2uDtuFC1N4g==",
			"cpu": [
				"arm64"
			],
			"dev": true,
			"license": "MIT",
			"optional": true,
			"os": [
				"win32"
			]
		},
		"node_modules/lefthook-windows-x64": {
			"version": "1.8.4",
			"resolved": "https://registry.npmjs.org/lefthook-windows-x64/-/lefthook-windows-x64-1.8.4.tgz",
			"integrity": "sha512-e+y8Jt4/7PnoplhOuK48twjGVJEsU4T3J5kxD4mWfl6Cbit0YSn4bme9nW41eqCqTUqOm+ky29XlfnPHFX5ZNA==",
			"cpu": [
				"x64"
			],
			"dev": true,
			"license": "MIT",
			"optional": true,
			"os": [
				"win32"
			]
		},
		"node_modules/lodash": {
			"version": "4.17.21",
			"resolved": "https://registry.npmjs.org/lodash/-/lodash-4.17.21.tgz",
			"integrity": "sha512-v2kDEe57lecTulaDIuNTPy3Ry4gLGJ6Z1O3vE1krgXZNrsQ+LFTGHVxVjcXPs17LhbZVGedAJv8XZ1tvj5FvSg==",
			"dev": true
		},
		"node_modules/once": {
			"version": "1.4.0",
			"resolved": "https://registry.npmjs.org/once/-/once-1.4.0.tgz",
			"integrity": "sha512-lNaJgI+2Q5URQBkccEKHTQOPaXdUxnZZElQTZY0MFUAuaEqe1E+Nyvgdz/aIyNi6Z9MzO5dv1H8n58/GELp3+w==",
			"dev": true,
			"dependencies": {
				"wrappy": "1"
			}
		},
		"node_modules/semver": {
			"version": "7.6.3",
			"resolved": "https://registry.npmjs.org/semver/-/semver-7.6.3.tgz",
			"integrity": "sha512-oVekP1cKtI+CTDvHWYFUcMtsK/00wmAEfyqKfNdARm8u1wNVhSgaX7A8d4UuIlUI5e84iEwOhs7ZPYRmzU9U6A==",
			"dev": true,
			"bin": {
				"semver": "bin/semver.js"
			},
			"engines": {
				"node": ">=10"
			}
		},
		"node_modules/tunnel": {
			"version": "0.0.6",
			"resolved": "https://registry.npmjs.org/tunnel/-/tunnel-0.0.6.tgz",
			"integrity": "sha512-1h/Lnq9yajKY2PEbBadPXj3VxsDDu844OnaAo52UVmIzIvwwtBPIuNvkjuzBlTWpfJyUbG3ez0KSBibQkj4ojg==",
			"dev": true,
			"engines": {
				"node": ">=0.6.11 <=0.7.0 || >=0.7.3"
			}
		},
		"node_modules/typescript": {
			"version": "5.7.2",
			"resolved": "https://registry.npmjs.org/typescript/-/typescript-5.7.2.tgz",
			"integrity": "sha512-i5t66RHxDvVN40HfDd1PsEThGNnlMCMT3jMUuoh9/0TaqWevNontacunWyN02LA9/fIbEWlcHZcgTKb9QoaLfg==",
			"license": "Apache-2.0",
			"bin": {
				"tsc": "bin/tsc",
				"tsserver": "bin/tsserver"
			},
			"engines": {
				"node": ">=14.17"
			}
		},
		"node_modules/undici": {
			"version": "5.28.4",
			"resolved": "https://registry.npmjs.org/undici/-/undici-5.28.4.tgz",
			"integrity": "sha512-72RFADWFqKmUb2hmmvNODKL3p9hcB6Gt2DOQMis1SEBaV6a4MH8soBvzg+95CYhCKPFedut2JY9bMfrDl9D23g==",
			"dev": true,
			"dependencies": {
				"@fastify/busboy": "^2.0.0"
			},
			"engines": {
				"node": ">=14.0"
			}
		},
		"node_modules/undici-types": {
			"version": "6.19.8",
			"resolved": "https://registry.npmjs.org/undici-types/-/undici-types-6.19.8.tgz",
			"integrity": "sha512-ve2KP6f/JnbPBFyobGHuerC9g1FYGn/F8n1LWTwNxCEzd6IfqTwUQcNXgEtmmQ6DlRrC1hrSrBnCZPokRrDHjw==",
			"dev": true,
			"license": "MIT"
		},
		"node_modules/universal-user-agent": {
			"version": "6.0.1",
			"resolved": "https://registry.npmjs.org/universal-user-agent/-/universal-user-agent-6.0.1.tgz",
			"integrity": "sha512-yCzhz6FN2wU1NiiQRogkTQszlQSlpWaw8SvVegAc+bDxbzHgh1vX8uIe8OYyMH6DwH+sdTJsgMl36+mSMdRJIQ==",
			"dev": true
		},
		"node_modules/wrappy": {
			"version": "1.0.2",
			"resolved": "https://registry.npmjs.org/wrappy/-/wrappy-1.0.2.tgz",
			"integrity": "sha512-l4Sp/DRseor9wL6EvV2+TuQn63dMkPjZ/sp9XkghTEbV9KlPS1xUsZ3u7/IQO4wxtcFB4bgpQPRcR3QCvezPcQ==",
			"dev": true
		}
	},
	"dependencies": {
		"@actions/github": {
			"version": "6.0.0",
			"resolved": "https://registry.npmjs.org/@actions/github/-/github-6.0.0.tgz",
			"integrity": "sha512-alScpSVnYmjNEXboZjarjukQEzgCRmjMv6Xj47fsdnqGS73bjJNDpiiXmp8jr0UZLdUB6d9jW63IcmddUP+l0g==",
			"dev": true,
			"requires": {
				"@actions/http-client": "^2.2.0",
				"@octokit/core": "^5.0.1",
				"@octokit/plugin-paginate-rest": "^9.0.0",
				"@octokit/plugin-rest-endpoint-methods": "^10.0.0"
			}
		},
		"@actions/http-client": {
			"version": "2.2.0",
			"resolved": "https://registry.npmjs.org/@actions/http-client/-/http-client-2.2.0.tgz",
			"integrity": "sha512-q+epW0trjVUUHboliPb4UF9g2msf+w61b32tAkFEwL/IwP0DQWgbCMM0Hbe3e3WXSKz5VcUXbzJQgy8Hkra/Lg==",
			"dev": true,
			"requires": {
				"tunnel": "^0.0.6",
				"undici": "^5.25.4"
			}
		},
		"@esbuild/aix-ppc64": {
			"version": "0.24.0",
			"resolved": "https://registry.npmjs.org/@esbuild/aix-ppc64/-/aix-ppc64-0.24.0.tgz",
			"integrity": "sha512-WtKdFM7ls47zkKHFVzMz8opM7LkcsIp9amDUBIAWirg70RM71WRSjdILPsY5Uv1D42ZpUfaPILDlfactHgsRkw==",
			"dev": true,
			"optional": true
		},
		"@esbuild/android-arm": {
			"version": "0.24.0",
			"resolved": "https://registry.npmjs.org/@esbuild/android-arm/-/android-arm-0.24.0.tgz",
			"integrity": "sha512-arAtTPo76fJ/ICkXWetLCc9EwEHKaeya4vMrReVlEIUCAUncH7M4bhMQ+M9Vf+FFOZJdTNMXNBrWwW+OXWpSew==",
			"dev": true,
			"optional": true
		},
		"@esbuild/android-arm64": {
			"version": "0.24.0",
			"resolved": "https://registry.npmjs.org/@esbuild/android-arm64/-/android-arm64-0.24.0.tgz",
			"integrity": "sha512-Vsm497xFM7tTIPYK9bNTYJyF/lsP590Qc1WxJdlB6ljCbdZKU9SY8i7+Iin4kyhV/KV5J2rOKsBQbB77Ab7L/w==",
			"dev": true,
			"optional": true
		},
		"@esbuild/android-x64": {
			"version": "0.24.0",
			"resolved": "https://registry.npmjs.org/@esbuild/android-x64/-/android-x64-0.24.0.tgz",
			"integrity": "sha512-t8GrvnFkiIY7pa7mMgJd7p8p8qqYIz1NYiAoKc75Zyv73L3DZW++oYMSHPRarcotTKuSs6m3hTOa5CKHaS02TQ==",
			"dev": true,
			"optional": true
		},
		"@esbuild/darwin-arm64": {
			"version": "0.24.0",
			"resolved": "https://registry.npmjs.org/@esbuild/darwin-arm64/-/darwin-arm64-0.24.0.tgz",
			"integrity": "sha512-CKyDpRbK1hXwv79soeTJNHb5EiG6ct3efd/FTPdzOWdbZZfGhpbcqIpiD0+vwmpu0wTIL97ZRPZu8vUt46nBSw==",
			"dev": true,
			"optional": true
		},
		"@esbuild/darwin-x64": {
			"version": "0.24.0",
			"resolved": "https://registry.npmjs.org/@esbuild/darwin-x64/-/darwin-x64-0.24.0.tgz",
			"integrity": "sha512-rgtz6flkVkh58od4PwTRqxbKH9cOjaXCMZgWD905JOzjFKW+7EiUObfd/Kav+A6Gyud6WZk9w+xu6QLytdi2OA==",
			"dev": true,
			"optional": true
		},
		"@esbuild/freebsd-arm64": {
			"version": "0.24.0",
			"resolved": "https://registry.npmjs.org/@esbuild/freebsd-arm64/-/freebsd-arm64-0.24.0.tgz",
			"integrity": "sha512-6Mtdq5nHggwfDNLAHkPlyLBpE5L6hwsuXZX8XNmHno9JuL2+bg2BX5tRkwjyfn6sKbxZTq68suOjgWqCicvPXA==",
			"dev": true,
			"optional": true
		},
		"@esbuild/freebsd-x64": {
			"version": "0.24.0",
			"resolved": "https://registry.npmjs.org/@esbuild/freebsd-x64/-/freebsd-x64-0.24.0.tgz",
			"integrity": "sha512-D3H+xh3/zphoX8ck4S2RxKR6gHlHDXXzOf6f/9dbFt/NRBDIE33+cVa49Kil4WUjxMGW0ZIYBYtaGCa2+OsQwQ==",
			"dev": true,
			"optional": true
		},
		"@esbuild/linux-arm": {
			"version": "0.24.0",
			"resolved": "https://registry.npmjs.org/@esbuild/linux-arm/-/linux-arm-0.24.0.tgz",
			"integrity": "sha512-gJKIi2IjRo5G6Glxb8d3DzYXlxdEj2NlkixPsqePSZMhLudqPhtZ4BUrpIuTjJYXxvF9njql+vRjB2oaC9XpBw==",
			"dev": true,
			"optional": true
		},
		"@esbuild/linux-arm64": {
			"version": "0.24.0",
			"resolved": "https://registry.npmjs.org/@esbuild/linux-arm64/-/linux-arm64-0.24.0.tgz",
			"integrity": "sha512-TDijPXTOeE3eaMkRYpcy3LarIg13dS9wWHRdwYRnzlwlA370rNdZqbcp0WTyyV/k2zSxfko52+C7jU5F9Tfj1g==",
			"dev": true,
			"optional": true
		},
		"@esbuild/linux-ia32": {
			"version": "0.24.0",
			"resolved": "https://registry.npmjs.org/@esbuild/linux-ia32/-/linux-ia32-0.24.0.tgz",
			"integrity": "sha512-K40ip1LAcA0byL05TbCQ4yJ4swvnbzHscRmUilrmP9Am7//0UjPreh4lpYzvThT2Quw66MhjG//20mrufm40mA==",
			"dev": true,
			"optional": true
		},
		"@esbuild/linux-loong64": {
			"version": "0.24.0",
			"resolved": "https://registry.npmjs.org/@esbuild/linux-loong64/-/linux-loong64-0.24.0.tgz",
			"integrity": "sha512-0mswrYP/9ai+CU0BzBfPMZ8RVm3RGAN/lmOMgW4aFUSOQBjA31UP8Mr6DDhWSuMwj7jaWOT0p0WoZ6jeHhrD7g==",
			"dev": true,
			"optional": true
		},
		"@esbuild/linux-mips64el": {
			"version": "0.24.0",
			"resolved": "https://registry.npmjs.org/@esbuild/linux-mips64el/-/linux-mips64el-0.24.0.tgz",
			"integrity": "sha512-hIKvXm0/3w/5+RDtCJeXqMZGkI2s4oMUGj3/jM0QzhgIASWrGO5/RlzAzm5nNh/awHE0A19h/CvHQe6FaBNrRA==",
			"dev": true,
			"optional": true
		},
		"@esbuild/linux-ppc64": {
			"version": "0.24.0",
			"resolved": "https://registry.npmjs.org/@esbuild/linux-ppc64/-/linux-ppc64-0.24.0.tgz",
			"integrity": "sha512-HcZh5BNq0aC52UoocJxaKORfFODWXZxtBaaZNuN3PUX3MoDsChsZqopzi5UupRhPHSEHotoiptqikjN/B77mYQ==",
			"dev": true,
			"optional": true
		},
		"@esbuild/linux-riscv64": {
			"version": "0.24.0",
			"resolved": "https://registry.npmjs.org/@esbuild/linux-riscv64/-/linux-riscv64-0.24.0.tgz",
			"integrity": "sha512-bEh7dMn/h3QxeR2KTy1DUszQjUrIHPZKyO6aN1X4BCnhfYhuQqedHaa5MxSQA/06j3GpiIlFGSsy1c7Gf9padw==",
			"dev": true,
			"optional": true
		},
		"@esbuild/linux-s390x": {
			"version": "0.24.0",
			"resolved": "https://registry.npmjs.org/@esbuild/linux-s390x/-/linux-s390x-0.24.0.tgz",
			"integrity": "sha512-ZcQ6+qRkw1UcZGPyrCiHHkmBaj9SiCD8Oqd556HldP+QlpUIe2Wgn3ehQGVoPOvZvtHm8HPx+bH20c9pvbkX3g==",
			"dev": true,
			"optional": true
		},
		"@esbuild/linux-x64": {
			"version": "0.24.0",
			"resolved": "https://registry.npmjs.org/@esbuild/linux-x64/-/linux-x64-0.24.0.tgz",
			"integrity": "sha512-vbutsFqQ+foy3wSSbmjBXXIJ6PL3scghJoM8zCL142cGaZKAdCZHyf+Bpu/MmX9zT9Q0zFBVKb36Ma5Fzfa8xA==",
			"dev": true,
			"optional": true
		},
		"@esbuild/netbsd-x64": {
			"version": "0.24.0",
			"resolved": "https://registry.npmjs.org/@esbuild/netbsd-x64/-/netbsd-x64-0.24.0.tgz",
			"integrity": "sha512-hjQ0R/ulkO8fCYFsG0FZoH+pWgTTDreqpqY7UnQntnaKv95uP5iW3+dChxnx7C3trQQU40S+OgWhUVwCjVFLvg==",
			"dev": true,
			"optional": true
		},
		"@esbuild/openbsd-arm64": {
			"version": "0.24.0",
			"resolved": "https://registry.npmjs.org/@esbuild/openbsd-arm64/-/openbsd-arm64-0.24.0.tgz",
			"integrity": "sha512-MD9uzzkPQbYehwcN583yx3Tu5M8EIoTD+tUgKF982WYL9Pf5rKy9ltgD0eUgs8pvKnmizxjXZyLt0z6DC3rRXg==",
			"dev": true,
			"optional": true
		},
		"@esbuild/openbsd-x64": {
			"version": "0.24.0",
			"resolved": "https://registry.npmjs.org/@esbuild/openbsd-x64/-/openbsd-x64-0.24.0.tgz",
			"integrity": "sha512-4ir0aY1NGUhIC1hdoCzr1+5b43mw99uNwVzhIq1OY3QcEwPDO3B7WNXBzaKY5Nsf1+N11i1eOfFcq+D/gOS15Q==",
			"dev": true,
			"optional": true
		},
		"@esbuild/sunos-x64": {
			"version": "0.24.0",
			"resolved": "https://registry.npmjs.org/@esbuild/sunos-x64/-/sunos-x64-0.24.0.tgz",
			"integrity": "sha512-jVzdzsbM5xrotH+W5f1s+JtUy1UWgjU0Cf4wMvffTB8m6wP5/kx0KiaLHlbJO+dMgtxKV8RQ/JvtlFcdZ1zCPA==",
			"dev": true,
			"optional": true
		},
		"@esbuild/win32-arm64": {
			"version": "0.24.0",
			"resolved": "https://registry.npmjs.org/@esbuild/win32-arm64/-/win32-arm64-0.24.0.tgz",
			"integrity": "sha512-iKc8GAslzRpBytO2/aN3d2yb2z8XTVfNV0PjGlCxKo5SgWmNXx82I/Q3aG1tFfS+A2igVCY97TJ8tnYwpUWLCA==",
			"dev": true,
			"optional": true
		},
		"@esbuild/win32-ia32": {
			"version": "0.24.0",
			"resolved": "https://registry.npmjs.org/@esbuild/win32-ia32/-/win32-ia32-0.24.0.tgz",
			"integrity": "sha512-vQW36KZolfIudCcTnaTpmLQ24Ha1RjygBo39/aLkM2kmjkWmZGEJ5Gn9l5/7tzXA42QGIoWbICfg6KLLkIw6yw==",
			"dev": true,
			"optional": true
		},
		"@esbuild/win32-x64": {
			"version": "0.24.0",
			"resolved": "https://registry.npmjs.org/@esbuild/win32-x64/-/win32-x64-0.24.0.tgz",
			"integrity": "sha512-7IAFPrjSQIJrGsK6flwg7NFmwBoSTyF3rl7If0hNUFQU4ilTsEPL6GuMuU9BfIWVVGuRnuIidkSMC+c0Otu8IA==",
			"dev": true,
			"optional": true
		},
		"@fastify/busboy": {
			"version": "2.1.0",
			"resolved": "https://registry.npmjs.org/@fastify/busboy/-/busboy-2.1.0.tgz",
			"integrity": "sha512-+KpH+QxZU7O4675t3mnkQKcZZg56u+K/Ct2K+N2AZYNVK8kyeo/bI18tI8aPm3tvNNRyTWfj6s5tnGNlcbQRsA==",
			"dev": true
		},
		"@octokit/auth-token": {
			"version": "4.0.0",
			"resolved": "https://registry.npmjs.org/@octokit/auth-token/-/auth-token-4.0.0.tgz",
			"integrity": "sha512-tY/msAuJo6ARbK6SPIxZrPBms3xPbfwBrulZe0Wtr/DIY9lje2HeV1uoebShn6mx7SjCHif6EjMvoREj+gZ+SA==",
			"dev": true
		},
		"@octokit/core": {
			"version": "5.1.0",
			"resolved": "https://registry.npmjs.org/@octokit/core/-/core-5.1.0.tgz",
			"integrity": "sha512-BDa2VAMLSh3otEiaMJ/3Y36GU4qf6GI+VivQ/P41NC6GHcdxpKlqV0ikSZ5gdQsmS3ojXeRx5vasgNTinF0Q4g==",
			"dev": true,
			"requires": {
				"@octokit/auth-token": "^4.0.0",
				"@octokit/graphql": "^7.0.0",
				"@octokit/request": "^8.0.2",
				"@octokit/request-error": "^5.0.0",
				"@octokit/types": "^12.0.0",
				"before-after-hook": "^2.2.0",
				"universal-user-agent": "^6.0.0"
			}
		},
		"@octokit/endpoint": {
			"version": "9.0.4",
			"resolved": "https://registry.npmjs.org/@octokit/endpoint/-/endpoint-9.0.4.tgz",
			"integrity": "sha512-DWPLtr1Kz3tv8L0UvXTDP1fNwM0S+z6EJpRcvH66orY6Eld4XBMCSYsaWp4xIm61jTWxK68BrR7ibO+vSDnZqw==",
			"dev": true,
			"requires": {
				"@octokit/types": "^12.0.0",
				"universal-user-agent": "^6.0.0"
			}
		},
		"@octokit/graphql": {
			"version": "7.0.2",
			"resolved": "https://registry.npmjs.org/@octokit/graphql/-/graphql-7.0.2.tgz",
			"integrity": "sha512-OJ2iGMtj5Tg3s6RaXH22cJcxXRi7Y3EBqbHTBRq+PQAqfaS8f/236fUrWhfSn8P4jovyzqucxme7/vWSSZBX2Q==",
			"dev": true,
			"requires": {
				"@octokit/request": "^8.0.1",
				"@octokit/types": "^12.0.0",
				"universal-user-agent": "^6.0.0"
			}
		},
		"@octokit/openapi-types": {
			"version": "19.1.0",
			"resolved": "https://registry.npmjs.org/@octokit/openapi-types/-/openapi-types-19.1.0.tgz",
			"integrity": "sha512-6G+ywGClliGQwRsjvqVYpklIfa7oRPA0vyhPQG/1Feh+B+wU0vGH1JiJ5T25d3g1JZYBHzR2qefLi9x8Gt+cpw==",
			"dev": true
		},
		"@octokit/plugin-paginate-rest": {
			"version": "9.1.5",
			"resolved": "https://registry.npmjs.org/@octokit/plugin-paginate-rest/-/plugin-paginate-rest-9.1.5.tgz",
			"integrity": "sha512-WKTQXxK+bu49qzwv4qKbMMRXej1DU2gq017euWyKVudA6MldaSSQuxtz+vGbhxV4CjxpUxjZu6rM2wfc1FiWVg==",
			"dev": true,
			"requires": {
				"@octokit/types": "^12.4.0"
			}
		},
		"@octokit/plugin-rest-endpoint-methods": {
			"version": "10.2.0",
			"resolved": "https://registry.npmjs.org/@octokit/plugin-rest-endpoint-methods/-/plugin-rest-endpoint-methods-10.2.0.tgz",
			"integrity": "sha512-ePbgBMYtGoRNXDyKGvr9cyHjQ163PbwD0y1MkDJCpkO2YH4OeXX40c4wYHKikHGZcpGPbcRLuy0unPUuafco8Q==",
			"dev": true,
			"requires": {
				"@octokit/types": "^12.3.0"
			}
		},
		"@octokit/request": {
			"version": "8.1.6",
			"resolved": "https://registry.npmjs.org/@octokit/request/-/request-8.1.6.tgz",
			"integrity": "sha512-YhPaGml3ncZC1NfXpP3WZ7iliL1ap6tLkAp6MvbK2fTTPytzVUyUesBBogcdMm86uRYO5rHaM1xIWxigWZ17MQ==",
			"dev": true,
			"requires": {
				"@octokit/endpoint": "^9.0.0",
				"@octokit/request-error": "^5.0.0",
				"@octokit/types": "^12.0.0",
				"universal-user-agent": "^6.0.0"
			}
		},
		"@octokit/request-error": {
			"version": "5.0.1",
			"resolved": "https://registry.npmjs.org/@octokit/request-error/-/request-error-5.0.1.tgz",
			"integrity": "sha512-X7pnyTMV7MgtGmiXBwmO6M5kIPrntOXdyKZLigNfQWSEQzVxR4a4vo49vJjTWX70mPndj8KhfT4Dx+2Ng3vnBQ==",
			"dev": true,
			"requires": {
				"@octokit/types": "^12.0.0",
				"deprecation": "^2.0.0",
				"once": "^1.4.0"
			}
		},
		"@octokit/types": {
			"version": "12.4.0",
			"resolved": "https://registry.npmjs.org/@octokit/types/-/types-12.4.0.tgz",
			"integrity": "sha512-FLWs/AvZllw/AGVs+nJ+ELCDZZJk+kY0zMen118xhL2zD0s1etIUHm1odgjP7epxYU1ln7SZxEUWYop5bhsdgQ==",
			"dev": true,
			"requires": {
				"@octokit/openapi-types": "^19.1.0"
			}
		},
		"@thisismanta/semantic-version": {
			"version": "9.1.0",
			"resolved": "https://registry.npmjs.org/@thisismanta/semantic-version/-/semantic-version-9.1.0.tgz",
			"integrity": "sha512-7L7uvSfyG1O8+zMkVnWuYPuO32HusMnQ5wwcbPvzvPMBK6Y1rEVwLUDmTb2Xa29Z+SPj0Z9mw2X17AxLAPv+Gg==",
			"dev": true,
			"requires": {
				"@actions/github": "^6.0.0",
				"semver": "^7.6.3"
			}
		},
		"@types/lodash": {
			"version": "4.17.13",
			"resolved": "https://registry.npmjs.org/@types/lodash/-/lodash-4.17.13.tgz",
			"integrity": "sha512-lfx+dftrEZcdBPczf9d0Qv0x+j/rfNCMuC6OcfXmO8gkfeNAY88PgKUbvG56whcN23gc27yenwF6oJZXGFpYxg==",
			"dev": true
		},
		"@types/node": {
			"version": "20.17.7",
			"resolved": "https://registry.npmjs.org/@types/node/-/node-20.17.7.tgz",
			"integrity": "sha512-sZXXnpBFMKbao30dUAvzKbdwA2JM1fwUtVEq/kxKuPI5mMwZiRElCpTXb0Biq/LMEVpXDZL5G5V0RPnxKeyaYg==",
			"dev": true,
			"requires": {
				"undici-types": "~6.19.2"
			}
		},
		"@types/vscode": {
			"version": "1.92.0",
			"resolved": "https://registry.npmjs.org/@types/vscode/-/vscode-1.92.0.tgz",
			"integrity": "sha512-DcZoCj17RXlzB4XJ7IfKdPTcTGDLYvTOcTNkvtjXWF+K2TlKzHHkBEXNWQRpBIXixNEUgx39cQeTFunY0E2msw==",
			"dev": true
		},
		"before-after-hook": {
			"version": "2.2.3",
			"resolved": "https://registry.npmjs.org/before-after-hook/-/before-after-hook-2.2.3.tgz",
			"integrity": "sha512-NzUnlZexiaH/46WDhANlyR2bXRopNg4F/zuSA3OpZnllCUgRaOF2znDioDWrmbNVsuZk6l9pMquQB38cfBZwkQ==",
			"dev": true
		},
		"deprecation": {
			"version": "2.3.1",
			"resolved": "https://registry.npmjs.org/deprecation/-/deprecation-2.3.1.tgz",
			"integrity": "sha512-xmHIy4F3scKVwMsQ4WnVaS8bHOx0DmVwRywosKhaILI0ywMDWPtBSku2HNxRvF7jtwDRsoEwYQSfbxj8b7RlJQ==",
			"dev": true
		},
		"esbuild": {
			"version": "0.24.0",
			"resolved": "https://registry.npmjs.org/esbuild/-/esbuild-0.24.0.tgz",
			"integrity": "sha512-FuLPevChGDshgSicjisSooU0cemp/sGXR841D5LHMB7mTVOmsEHcAxaH3irL53+8YDIeVNQEySh4DaYU/iuPqQ==",
			"dev": true,
			"requires": {
				"@esbuild/aix-ppc64": "0.24.0",
				"@esbuild/android-arm": "0.24.0",
				"@esbuild/android-arm64": "0.24.0",
				"@esbuild/android-x64": "0.24.0",
				"@esbuild/darwin-arm64": "0.24.0",
				"@esbuild/darwin-x64": "0.24.0",
				"@esbuild/freebsd-arm64": "0.24.0",
				"@esbuild/freebsd-x64": "0.24.0",
				"@esbuild/linux-arm": "0.24.0",
				"@esbuild/linux-arm64": "0.24.0",
				"@esbuild/linux-ia32": "0.24.0",
				"@esbuild/linux-loong64": "0.24.0",
				"@esbuild/linux-mips64el": "0.24.0",
				"@esbuild/linux-ppc64": "0.24.0",
				"@esbuild/linux-riscv64": "0.24.0",
				"@esbuild/linux-s390x": "0.24.0",
				"@esbuild/linux-x64": "0.24.0",
				"@esbuild/netbsd-x64": "0.24.0",
				"@esbuild/openbsd-arm64": "0.24.0",
				"@esbuild/openbsd-x64": "0.24.0",
				"@esbuild/sunos-x64": "0.24.0",
				"@esbuild/win32-arm64": "0.24.0",
				"@esbuild/win32-ia32": "0.24.0",
				"@esbuild/win32-x64": "0.24.0"
			}
		},
		"lefthook": {
			"version": "1.8.4",
			"resolved": "https://registry.npmjs.org/lefthook/-/lefthook-1.8.4.tgz",
			"integrity": "sha512-XNyMaTWNRuADOaocYiHidgNkNDz8SCekpdNJ7lqceFcBT2zjumnb28/o7IMaNROpLBZdQkLkJXSeaQWGqn3kog==",
			"dev": true,
			"requires": {
				"lefthook-darwin-arm64": "1.8.4",
				"lefthook-darwin-x64": "1.8.4",
				"lefthook-freebsd-arm64": "1.8.4",
				"lefthook-freebsd-x64": "1.8.4",
				"lefthook-linux-arm64": "1.8.4",
				"lefthook-linux-x64": "1.8.4",
				"lefthook-openbsd-arm64": "1.8.4",
				"lefthook-openbsd-x64": "1.8.4",
				"lefthook-windows-arm64": "1.8.4",
				"lefthook-windows-x64": "1.8.4"
			}
		},
		"lefthook-darwin-arm64": {
			"version": "1.8.4",
			"resolved": "https://registry.npmjs.org/lefthook-darwin-arm64/-/lefthook-darwin-arm64-1.8.4.tgz",
			"integrity": "sha512-OS5MsU0gvd8LYSpuQCHtmDUqwNrJ/LjCO0LGC1wNepY4OkuVl9DfX+rQ506CVUQYZiGVcwy2/qPOOBjNzA5+wQ==",
			"dev": true,
			"optional": true
		},
		"lefthook-darwin-x64": {
			"version": "1.8.4",
			"resolved": "https://registry.npmjs.org/lefthook-darwin-x64/-/lefthook-darwin-x64-1.8.4.tgz",
			"integrity": "sha512-QLRsqK9aTMRcVW8qz4pzI2OWnGCEcaEPJlIiFjwstYsS+wfkooxOS0UkfVMjy+QoGgEcki+cxF/FoY7lE7DDtw==",
			"dev": true,
			"optional": true
		},
		"lefthook-freebsd-arm64": {
			"version": "1.8.4",
			"resolved": "https://registry.npmjs.org/lefthook-freebsd-arm64/-/lefthook-freebsd-arm64-1.8.4.tgz",
			"integrity": "sha512-chnQ1m/Cmn9c0sLdk5HL2SToE5LBJv5uQMdH1IGRRcw+nEqWqrMnDXvM75caiJAyjmUGvPH3czKTJDzTFV1E+A==",
			"dev": true,
			"optional": true
		},
		"lefthook-freebsd-x64": {
			"version": "1.8.4",
			"resolved": "https://registry.npmjs.org/lefthook-freebsd-x64/-/lefthook-freebsd-x64-1.8.4.tgz",
			"integrity": "sha512-KQi+WBUdnGLnK0rHOR58kbMH5TDVN1ZjZLu66Pv9FCG7Y7shR1qtaTXu+wmxdRhMvaLeQIXRsUEPjNRC66yMmA==",
			"dev": true,
			"optional": true
		},
		"lefthook-linux-arm64": {
			"version": "1.8.4",
			"resolved": "https://registry.npmjs.org/lefthook-linux-arm64/-/lefthook-linux-arm64-1.8.4.tgz",
			"integrity": "sha512-CXNcqIskLwTwQARidGdFqmNxpvOU3jsWPK4KA7pq2+QmlWJ64w98ebMvNBoUmRUCXqzmUm7Udf/jpfz2fobewQ==",
			"dev": true,
			"optional": true
		},
		"lefthook-linux-x64": {
			"version": "1.8.4",
			"resolved": "https://registry.npmjs.org/lefthook-linux-x64/-/lefthook-linux-x64-1.8.4.tgz",
			"integrity": "sha512-pVNITkFBxUCEtamWSM/res2Gd48+m9YKbNyIBndAuZVC5pKV5aGKZy2DNq6PWUPYiUDPx+7hoAtCJg/tlAiqhw==",
			"dev": true,
			"optional": true
		},
		"lefthook-openbsd-arm64": {
			"version": "1.8.4",
			"resolved": "https://registry.npmjs.org/lefthook-openbsd-arm64/-/lefthook-openbsd-arm64-1.8.4.tgz",
			"integrity": "sha512-l+i/Dg5X36kYzhpMGSPE3rMbWy1KSytbLB9lY1PmxYb6LRH6iQTYIoxvLabVUwSBPSq8HtIFa50+bvC5+scfVA==",
			"dev": true,
			"optional": true
		},
		"lefthook-openbsd-x64": {
			"version": "1.8.4",
			"resolved": "https://registry.npmjs.org/lefthook-openbsd-x64/-/lefthook-openbsd-x64-1.8.4.tgz",
			"integrity": "sha512-CqhDDPPX8oHzMLgNi/Reba823DRzj+eMNWQ8axvSiIG+zmG1w20xZH5QSs/mD3tjrND90yfDd90mWMt181qPyA==",
			"dev": true,
			"optional": true
		},
		"lefthook-windows-arm64": {
			"version": "1.8.4",
			"resolved": "https://registry.npmjs.org/lefthook-windows-arm64/-/lefthook-windows-arm64-1.8.4.tgz",
			"integrity": "sha512-dvpvorICmVjmw29Aiczg7DcaSzkd86bEBomiGq4UsAEk3+7ExLrlWJDLFsI6xLjMKmTxy+F7eXb2uDtuFC1N4g==",
			"dev": true,
			"optional": true
		},
		"lefthook-windows-x64": {
			"version": "1.8.4",
			"resolved": "https://registry.npmjs.org/lefthook-windows-x64/-/lefthook-windows-x64-1.8.4.tgz",
			"integrity": "sha512-e+y8Jt4/7PnoplhOuK48twjGVJEsU4T3J5kxD4mWfl6Cbit0YSn4bme9nW41eqCqTUqOm+ky29XlfnPHFX5ZNA==",
			"dev": true,
			"optional": true
		},
		"lodash": {
			"version": "4.17.21",
			"resolved": "https://registry.npmjs.org/lodash/-/lodash-4.17.21.tgz",
			"integrity": "sha512-v2kDEe57lecTulaDIuNTPy3Ry4gLGJ6Z1O3vE1krgXZNrsQ+LFTGHVxVjcXPs17LhbZVGedAJv8XZ1tvj5FvSg==",
			"dev": true
		},
		"once": {
			"version": "1.4.0",
			"resolved": "https://registry.npmjs.org/once/-/once-1.4.0.tgz",
			"integrity": "sha512-lNaJgI+2Q5URQBkccEKHTQOPaXdUxnZZElQTZY0MFUAuaEqe1E+Nyvgdz/aIyNi6Z9MzO5dv1H8n58/GELp3+w==",
			"dev": true,
			"requires": {
				"wrappy": "1"
			}
		},
		"semver": {
			"version": "7.6.3",
			"resolved": "https://registry.npmjs.org/semver/-/semver-7.6.3.tgz",
			"integrity": "sha512-oVekP1cKtI+CTDvHWYFUcMtsK/00wmAEfyqKfNdARm8u1wNVhSgaX7A8d4UuIlUI5e84iEwOhs7ZPYRmzU9U6A==",
			"dev": true
		},
		"tunnel": {
			"version": "0.0.6",
			"resolved": "https://registry.npmjs.org/tunnel/-/tunnel-0.0.6.tgz",
			"integrity": "sha512-1h/Lnq9yajKY2PEbBadPXj3VxsDDu844OnaAo52UVmIzIvwwtBPIuNvkjuzBlTWpfJyUbG3ez0KSBibQkj4ojg==",
			"dev": true
		},
		"typescript": {
			"version": "5.7.2",
			"resolved": "https://registry.npmjs.org/typescript/-/typescript-5.7.2.tgz",
			"integrity": "sha512-i5t66RHxDvVN40HfDd1PsEThGNnlMCMT3jMUuoh9/0TaqWevNontacunWyN02LA9/fIbEWlcHZcgTKb9QoaLfg=="
		},
		"undici": {
			"version": "5.28.4",
			"resolved": "https://registry.npmjs.org/undici/-/undici-5.28.4.tgz",
			"integrity": "sha512-72RFADWFqKmUb2hmmvNODKL3p9hcB6Gt2DOQMis1SEBaV6a4MH8soBvzg+95CYhCKPFedut2JY9bMfrDl9D23g==",
			"dev": true,
			"requires": {
				"@fastify/busboy": "^2.0.0"
			}
		},
		"undici-types": {
			"version": "6.19.8",
			"resolved": "https://registry.npmjs.org/undici-types/-/undici-types-6.19.8.tgz",
			"integrity": "sha512-ve2KP6f/JnbPBFyobGHuerC9g1FYGn/F8n1LWTwNxCEzd6IfqTwUQcNXgEtmmQ6DlRrC1hrSrBnCZPokRrDHjw==",
			"dev": true
		},
		"universal-user-agent": {
			"version": "6.0.1",
			"resolved": "https://registry.npmjs.org/universal-user-agent/-/universal-user-agent-6.0.1.tgz",
			"integrity": "sha512-yCzhz6FN2wU1NiiQRogkTQszlQSlpWaw8SvVegAc+bDxbzHgh1vX8uIe8OYyMH6DwH+sdTJsgMl36+mSMdRJIQ==",
			"dev": true
		},
		"wrappy": {
			"version": "1.0.2",
			"resolved": "https://registry.npmjs.org/wrappy/-/wrappy-1.0.2.tgz",
			"integrity": "sha512-l4Sp/DRseor9wL6EvV2+TuQn63dMkPjZ/sp9XkghTEbV9KlPS1xUsZ3u7/IQO4wxtcFB4bgpQPRcR3QCvezPcQ==",
			"dev": true
		}
	}
}
