{
	"name": "cosmic-cursor",
	"version": "6.0.1",
	"lockfileVersion": 2,
	"requires": true,
	"packages": {
		"": {
			"name": "cosmic-cursor",
			"version": "6.0.1",
			"hasInstallScript": true,
			"dependencies": {
				"typescript": "^5.3.3"
			},
			"devDependencies": {
				"@thisismanta/semantic-version": "^8.0.0",
				"@types/lodash": "^4.14.202",
				"@types/node": ">=20.0.0",
				"@types/vscode": "^1.73.0",
				"esbuild": "^0.20.0",
				"lefthook": "^1.6.1",
				"lodash": "^4.17.21"
			},
			"engines": {
				"vscode": "^1.73.0"
			}
		},
		"node_modules/@actions/github": {
			"version": "6.0.0",
			"resolved": "https://registry.npmjs.org/@actions/github/-/github-6.0.0.tgz",
			"integrity": "sha512-alScpSVnYmjNEXboZjarjukQEzgCRmjMv6Xj47fsdnqGS73bjJNDpiiXmp8jr0UZLdUB6d9jW63IcmddUP+l0g==",
			"dev": true,
			"dependencies": {
				"@actions/http-client": "^2.2.0",
				"@octokit/core": "^5.0.1",
				"@octokit/plugin-paginate-rest": "^9.0.0",
				"@octokit/plugin-rest-endpoint-methods": "^10.0.0"
			}
		},
		"node_modules/@actions/http-client": {
			"version": "2.2.0",
			"resolved": "https://registry.npmjs.org/@actions/http-client/-/http-client-2.2.0.tgz",
			"integrity": "sha512-q+epW0trjVUUHboliPb4UF9g2msf+w61b32tAkFEwL/IwP0DQWgbCMM0Hbe3e3WXSKz5VcUXbzJQgy8Hkra/Lg==",
			"dev": true,
			"dependencies": {
				"tunnel": "^0.0.6",
				"undici": "^5.25.4"
			}
		},
		"node_modules/@esbuild/aix-ppc64": {
			"version": "0.20.0",
			"resolved": "https://registry.npmjs.org/@esbuild/aix-ppc64/-/aix-ppc64-0.20.0.tgz",
			"integrity": "sha512-fGFDEctNh0CcSwsiRPxiaqX0P5rq+AqE0SRhYGZ4PX46Lg1FNR6oCxJghf8YgY0WQEgQuh3lErUFE4KxLeRmmw==",
			"cpu": [
				"ppc64"
			],
			"dev": true,
			"optional": true,
			"os": [
				"aix"
			],
			"engines": {
				"node": ">=12"
			}
		},
		"node_modules/@esbuild/android-arm": {
			"version": "0.20.0",
			"resolved": "https://registry.npmjs.org/@esbuild/android-arm/-/android-arm-0.20.0.tgz",
			"integrity": "sha512-3bMAfInvByLHfJwYPJRlpTeaQA75n8C/QKpEaiS4HrFWFiJlNI0vzq/zCjBrhAYcPyVPG7Eo9dMrcQXuqmNk5g==",
			"cpu": [
				"arm"
			],
			"dev": true,
			"optional": true,
			"os": [
				"android"
			],
			"engines": {
				"node": ">=12"
			}
		},
		"node_modules/@esbuild/android-arm64": {
			"version": "0.20.0",
			"resolved": "https://registry.npmjs.org/@esbuild/android-arm64/-/android-arm64-0.20.0.tgz",
			"integrity": "sha512-aVpnM4lURNkp0D3qPoAzSG92VXStYmoVPOgXveAUoQBWRSuQzt51yvSju29J6AHPmwY1BjH49uR29oyfH1ra8Q==",
			"cpu": [
				"arm64"
			],
			"dev": true,
			"optional": true,
			"os": [
				"android"
			],
			"engines": {
				"node": ">=12"
			}
		},
		"node_modules/@esbuild/android-x64": {
			"version": "0.20.0",
			"resolved": "https://registry.npmjs.org/@esbuild/android-x64/-/android-x64-0.20.0.tgz",
			"integrity": "sha512-uK7wAnlRvjkCPzh8jJ+QejFyrP8ObKuR5cBIsQZ+qbMunwR8sbd8krmMbxTLSrDhiPZaJYKQAU5Y3iMDcZPhyQ==",
			"cpu": [
				"x64"
			],
			"dev": true,
			"optional": true,
			"os": [
				"android"
			],
			"engines": {
				"node": ">=12"
			}
		},
		"node_modules/@esbuild/darwin-arm64": {
			"version": "0.20.0",
			"resolved": "https://registry.npmjs.org/@esbuild/darwin-arm64/-/darwin-arm64-0.20.0.tgz",
			"integrity": "sha512-AjEcivGAlPs3UAcJedMa9qYg9eSfU6FnGHJjT8s346HSKkrcWlYezGE8VaO2xKfvvlZkgAhyvl06OJOxiMgOYQ==",
			"cpu": [
				"arm64"
			],
			"dev": true,
			"optional": true,
			"os": [
				"darwin"
			],
			"engines": {
				"node": ">=12"
			}
		},
		"node_modules/@esbuild/darwin-x64": {
			"version": "0.20.0",
			"resolved": "https://registry.npmjs.org/@esbuild/darwin-x64/-/darwin-x64-0.20.0.tgz",
			"integrity": "sha512-bsgTPoyYDnPv8ER0HqnJggXK6RyFy4PH4rtsId0V7Efa90u2+EifxytE9pZnsDgExgkARy24WUQGv9irVbTvIw==",
			"cpu": [
				"x64"
			],
			"dev": true,
			"optional": true,
			"os": [
				"darwin"
			],
			"engines": {
				"node": ">=12"
			}
		},
		"node_modules/@esbuild/freebsd-arm64": {
			"version": "0.20.0",
			"resolved": "https://registry.npmjs.org/@esbuild/freebsd-arm64/-/freebsd-arm64-0.20.0.tgz",
			"integrity": "sha512-kQ7jYdlKS335mpGbMW5tEe3IrQFIok9r84EM3PXB8qBFJPSc6dpWfrtsC/y1pyrz82xfUIn5ZrnSHQQsd6jebQ==",
			"cpu": [
				"arm64"
			],
			"dev": true,
			"optional": true,
			"os": [
				"freebsd"
			],
			"engines": {
				"node": ">=12"
			}
		},
		"node_modules/@esbuild/freebsd-x64": {
			"version": "0.20.0",
			"resolved": "https://registry.npmjs.org/@esbuild/freebsd-x64/-/freebsd-x64-0.20.0.tgz",
			"integrity": "sha512-uG8B0WSepMRsBNVXAQcHf9+Ko/Tr+XqmK7Ptel9HVmnykupXdS4J7ovSQUIi0tQGIndhbqWLaIL/qO/cWhXKyQ==",
			"cpu": [
				"x64"
			],
			"dev": true,
			"optional": true,
			"os": [
				"freebsd"
			],
			"engines": {
				"node": ">=12"
			}
		},
		"node_modules/@esbuild/linux-arm": {
			"version": "0.20.0",
			"resolved": "https://registry.npmjs.org/@esbuild/linux-arm/-/linux-arm-0.20.0.tgz",
			"integrity": "sha512-2ezuhdiZw8vuHf1HKSf4TIk80naTbP9At7sOqZmdVwvvMyuoDiZB49YZKLsLOfKIr77+I40dWpHVeY5JHpIEIg==",
			"cpu": [
				"arm"
			],
			"dev": true,
			"optional": true,
			"os": [
				"linux"
			],
			"engines": {
				"node": ">=12"
			}
		},
		"node_modules/@esbuild/linux-arm64": {
			"version": "0.20.0",
			"resolved": "https://registry.npmjs.org/@esbuild/linux-arm64/-/linux-arm64-0.20.0.tgz",
			"integrity": "sha512-uTtyYAP5veqi2z9b6Gr0NUoNv9F/rOzI8tOD5jKcCvRUn7T60Bb+42NDBCWNhMjkQzI0qqwXkQGo1SY41G52nw==",
			"cpu": [
				"arm64"
			],
			"dev": true,
			"optional": true,
			"os": [
				"linux"
			],
			"engines": {
				"node": ">=12"
			}
		},
		"node_modules/@esbuild/linux-ia32": {
			"version": "0.20.0",
			"resolved": "https://registry.npmjs.org/@esbuild/linux-ia32/-/linux-ia32-0.20.0.tgz",
			"integrity": "sha512-c88wwtfs8tTffPaoJ+SQn3y+lKtgTzyjkD8NgsyCtCmtoIC8RDL7PrJU05an/e9VuAke6eJqGkoMhJK1RY6z4w==",
			"cpu": [
				"ia32"
			],
			"dev": true,
			"optional": true,
			"os": [
				"linux"
			],
			"engines": {
				"node": ">=12"
			}
		},
		"node_modules/@esbuild/linux-loong64": {
			"version": "0.20.0",
			"resolved": "https://registry.npmjs.org/@esbuild/linux-loong64/-/linux-loong64-0.20.0.tgz",
			"integrity": "sha512-lR2rr/128/6svngnVta6JN4gxSXle/yZEZL3o4XZ6esOqhyR4wsKyfu6qXAL04S4S5CgGfG+GYZnjFd4YiG3Aw==",
			"cpu": [
				"loong64"
			],
			"dev": true,
			"optional": true,
			"os": [
				"linux"
			],
			"engines": {
				"node": ">=12"
			}
		},
		"node_modules/@esbuild/linux-mips64el": {
			"version": "0.20.0",
			"resolved": "https://registry.npmjs.org/@esbuild/linux-mips64el/-/linux-mips64el-0.20.0.tgz",
			"integrity": "sha512-9Sycc+1uUsDnJCelDf6ZNqgZQoK1mJvFtqf2MUz4ujTxGhvCWw+4chYfDLPepMEvVL9PDwn6HrXad5yOrNzIsQ==",
			"cpu": [
				"mips64el"
			],
			"dev": true,
			"optional": true,
			"os": [
				"linux"
			],
			"engines": {
				"node": ">=12"
			}
		},
		"node_modules/@esbuild/linux-ppc64": {
			"version": "0.20.0",
			"resolved": "https://registry.npmjs.org/@esbuild/linux-ppc64/-/linux-ppc64-0.20.0.tgz",
			"integrity": "sha512-CoWSaaAXOZd+CjbUTdXIJE/t7Oz+4g90A3VBCHLbfuc5yUQU/nFDLOzQsN0cdxgXd97lYW/psIIBdjzQIwTBGw==",
			"cpu": [
				"ppc64"
			],
			"dev": true,
			"optional": true,
			"os": [
				"linux"
			],
			"engines": {
				"node": ">=12"
			}
		},
		"node_modules/@esbuild/linux-riscv64": {
			"version": "0.20.0",
			"resolved": "https://registry.npmjs.org/@esbuild/linux-riscv64/-/linux-riscv64-0.20.0.tgz",
			"integrity": "sha512-mlb1hg/eYRJUpv8h/x+4ShgoNLL8wgZ64SUr26KwglTYnwAWjkhR2GpoKftDbPOCnodA9t4Y/b68H4J9XmmPzA==",
			"cpu": [
				"riscv64"
			],
			"dev": true,
			"optional": true,
			"os": [
				"linux"
			],
			"engines": {
				"node": ">=12"
			}
		},
		"node_modules/@esbuild/linux-s390x": {
			"version": "0.20.0",
			"resolved": "https://registry.npmjs.org/@esbuild/linux-s390x/-/linux-s390x-0.20.0.tgz",
			"integrity": "sha512-fgf9ubb53xSnOBqyvWEY6ukBNRl1mVX1srPNu06B6mNsNK20JfH6xV6jECzrQ69/VMiTLvHMicQR/PgTOgqJUQ==",
			"cpu": [
				"s390x"
			],
			"dev": true,
			"optional": true,
			"os": [
				"linux"
			],
			"engines": {
				"node": ">=12"
			}
		},
		"node_modules/@esbuild/linux-x64": {
			"version": "0.20.0",
			"resolved": "https://registry.npmjs.org/@esbuild/linux-x64/-/linux-x64-0.20.0.tgz",
			"integrity": "sha512-H9Eu6MGse++204XZcYsse1yFHmRXEWgadk2N58O/xd50P9EvFMLJTQLg+lB4E1cF2xhLZU5luSWtGTb0l9UeSg==",
			"cpu": [
				"x64"
			],
			"dev": true,
			"optional": true,
			"os": [
				"linux"
			],
			"engines": {
				"node": ">=12"
			}
		},
		"node_modules/@esbuild/netbsd-x64": {
			"version": "0.20.0",
			"resolved": "https://registry.npmjs.org/@esbuild/netbsd-x64/-/netbsd-x64-0.20.0.tgz",
			"integrity": "sha512-lCT675rTN1v8Fo+RGrE5KjSnfY0x9Og4RN7t7lVrN3vMSjy34/+3na0q7RIfWDAj0e0rCh0OL+P88lu3Rt21MQ==",
			"cpu": [
				"x64"
			],
			"dev": true,
			"optional": true,
			"os": [
				"netbsd"
			],
			"engines": {
				"node": ">=12"
			}
		},
		"node_modules/@esbuild/openbsd-x64": {
			"version": "0.20.0",
			"resolved": "https://registry.npmjs.org/@esbuild/openbsd-x64/-/openbsd-x64-0.20.0.tgz",
			"integrity": "sha512-HKoUGXz/TOVXKQ+67NhxyHv+aDSZf44QpWLa3I1lLvAwGq8x1k0T+e2HHSRvxWhfJrFxaaqre1+YyzQ99KixoA==",
			"cpu": [
				"x64"
			],
			"dev": true,
			"optional": true,
			"os": [
				"openbsd"
			],
			"engines": {
				"node": ">=12"
			}
		},
		"node_modules/@esbuild/sunos-x64": {
			"version": "0.20.0",
			"resolved": "https://registry.npmjs.org/@esbuild/sunos-x64/-/sunos-x64-0.20.0.tgz",
			"integrity": "sha512-GDwAqgHQm1mVoPppGsoq4WJwT3vhnz/2N62CzhvApFD1eJyTroob30FPpOZabN+FgCjhG+AgcZyOPIkR8dfD7g==",
			"cpu": [
				"x64"
			],
			"dev": true,
			"optional": true,
			"os": [
				"sunos"
			],
			"engines": {
				"node": ">=12"
			}
		},
		"node_modules/@esbuild/win32-arm64": {
			"version": "0.20.0",
			"resolved": "https://registry.npmjs.org/@esbuild/win32-arm64/-/win32-arm64-0.20.0.tgz",
			"integrity": "sha512-0vYsP8aC4TvMlOQYozoksiaxjlvUcQrac+muDqj1Fxy6jh9l9CZJzj7zmh8JGfiV49cYLTorFLxg7593pGldwQ==",
			"cpu": [
				"arm64"
			],
			"dev": true,
			"optional": true,
			"os": [
				"win32"
			],
			"engines": {
				"node": ">=12"
			}
		},
		"node_modules/@esbuild/win32-ia32": {
			"version": "0.20.0",
			"resolved": "https://registry.npmjs.org/@esbuild/win32-ia32/-/win32-ia32-0.20.0.tgz",
			"integrity": "sha512-p98u4rIgfh4gdpV00IqknBD5pC84LCub+4a3MO+zjqvU5MVXOc3hqR2UgT2jI2nh3h8s9EQxmOsVI3tyzv1iFg==",
			"cpu": [
				"ia32"
			],
			"dev": true,
			"optional": true,
			"os": [
				"win32"
			],
			"engines": {
				"node": ">=12"
			}
		},
		"node_modules/@esbuild/win32-x64": {
			"version": "0.20.0",
			"resolved": "https://registry.npmjs.org/@esbuild/win32-x64/-/win32-x64-0.20.0.tgz",
			"integrity": "sha512-NgJnesu1RtWihtTtXGFMU5YSE6JyyHPMxCwBZK7a6/8d31GuSo9l0Ss7w1Jw5QnKUawG6UEehs883kcXf5fYwg==",
			"cpu": [
				"x64"
			],
			"dev": true,
			"optional": true,
			"os": [
				"win32"
			],
			"engines": {
				"node": ">=12"
			}
		},
		"node_modules/@fastify/busboy": {
			"version": "2.1.0",
			"resolved": "https://registry.npmjs.org/@fastify/busboy/-/busboy-2.1.0.tgz",
			"integrity": "sha512-+KpH+QxZU7O4675t3mnkQKcZZg56u+K/Ct2K+N2AZYNVK8kyeo/bI18tI8aPm3tvNNRyTWfj6s5tnGNlcbQRsA==",
			"dev": true,
			"engines": {
				"node": ">=14"
			}
		},
		"node_modules/@octokit/auth-token": {
			"version": "4.0.0",
			"resolved": "https://registry.npmjs.org/@octokit/auth-token/-/auth-token-4.0.0.tgz",
			"integrity": "sha512-tY/msAuJo6ARbK6SPIxZrPBms3xPbfwBrulZe0Wtr/DIY9lje2HeV1uoebShn6mx7SjCHif6EjMvoREj+gZ+SA==",
			"dev": true,
			"engines": {
				"node": ">= 18"
			}
		},
		"node_modules/@octokit/core": {
			"version": "5.1.0",
			"resolved": "https://registry.npmjs.org/@octokit/core/-/core-5.1.0.tgz",
			"integrity": "sha512-BDa2VAMLSh3otEiaMJ/3Y36GU4qf6GI+VivQ/P41NC6GHcdxpKlqV0ikSZ5gdQsmS3ojXeRx5vasgNTinF0Q4g==",
			"dev": true,
			"dependencies": {
				"@octokit/auth-token": "^4.0.0",
				"@octokit/graphql": "^7.0.0",
				"@octokit/request": "^8.0.2",
				"@octokit/request-error": "^5.0.0",
				"@octokit/types": "^12.0.0",
				"before-after-hook": "^2.2.0",
				"universal-user-agent": "^6.0.0"
			},
			"engines": {
				"node": ">= 18"
			}
		},
		"node_modules/@octokit/endpoint": {
			"version": "9.0.4",
			"resolved": "https://registry.npmjs.org/@octokit/endpoint/-/endpoint-9.0.4.tgz",
			"integrity": "sha512-DWPLtr1Kz3tv8L0UvXTDP1fNwM0S+z6EJpRcvH66orY6Eld4XBMCSYsaWp4xIm61jTWxK68BrR7ibO+vSDnZqw==",
			"dev": true,
			"dependencies": {
				"@octokit/types": "^12.0.0",
				"universal-user-agent": "^6.0.0"
			},
			"engines": {
				"node": ">= 18"
			}
		},
		"node_modules/@octokit/graphql": {
			"version": "7.0.2",
			"resolved": "https://registry.npmjs.org/@octokit/graphql/-/graphql-7.0.2.tgz",
			"integrity": "sha512-OJ2iGMtj5Tg3s6RaXH22cJcxXRi7Y3EBqbHTBRq+PQAqfaS8f/236fUrWhfSn8P4jovyzqucxme7/vWSSZBX2Q==",
			"dev": true,
			"dependencies": {
				"@octokit/request": "^8.0.1",
				"@octokit/types": "^12.0.0",
				"universal-user-agent": "^6.0.0"
			},
			"engines": {
				"node": ">= 18"
			}
		},
		"node_modules/@octokit/openapi-types": {
			"version": "19.1.0",
			"resolved": "https://registry.npmjs.org/@octokit/openapi-types/-/openapi-types-19.1.0.tgz",
			"integrity": "sha512-6G+ywGClliGQwRsjvqVYpklIfa7oRPA0vyhPQG/1Feh+B+wU0vGH1JiJ5T25d3g1JZYBHzR2qefLi9x8Gt+cpw==",
			"dev": true
		},
		"node_modules/@octokit/plugin-paginate-rest": {
			"version": "9.1.5",
			"resolved": "https://registry.npmjs.org/@octokit/plugin-paginate-rest/-/plugin-paginate-rest-9.1.5.tgz",
			"integrity": "sha512-WKTQXxK+bu49qzwv4qKbMMRXej1DU2gq017euWyKVudA6MldaSSQuxtz+vGbhxV4CjxpUxjZu6rM2wfc1FiWVg==",
			"dev": true,
			"dependencies": {
				"@octokit/types": "^12.4.0"
			},
			"engines": {
				"node": ">= 18"
			},
			"peerDependencies": {
				"@octokit/core": ">=5"
			}
		},
		"node_modules/@octokit/plugin-rest-endpoint-methods": {
			"version": "10.2.0",
			"resolved": "https://registry.npmjs.org/@octokit/plugin-rest-endpoint-methods/-/plugin-rest-endpoint-methods-10.2.0.tgz",
			"integrity": "sha512-ePbgBMYtGoRNXDyKGvr9cyHjQ163PbwD0y1MkDJCpkO2YH4OeXX40c4wYHKikHGZcpGPbcRLuy0unPUuafco8Q==",
			"dev": true,
			"dependencies": {
				"@octokit/types": "^12.3.0"
			},
			"engines": {
				"node": ">= 18"
			},
			"peerDependencies": {
				"@octokit/core": ">=5"
			}
		},
		"node_modules/@octokit/request": {
			"version": "8.1.6",
			"resolved": "https://registry.npmjs.org/@octokit/request/-/request-8.1.6.tgz",
			"integrity": "sha512-YhPaGml3ncZC1NfXpP3WZ7iliL1ap6tLkAp6MvbK2fTTPytzVUyUesBBogcdMm86uRYO5rHaM1xIWxigWZ17MQ==",
			"dev": true,
			"dependencies": {
				"@octokit/endpoint": "^9.0.0",
				"@octokit/request-error": "^5.0.0",
				"@octokit/types": "^12.0.0",
				"universal-user-agent": "^6.0.0"
			},
			"engines": {
				"node": ">= 18"
			}
		},
		"node_modules/@octokit/request-error": {
			"version": "5.0.1",
			"resolved": "https://registry.npmjs.org/@octokit/request-error/-/request-error-5.0.1.tgz",
			"integrity": "sha512-X7pnyTMV7MgtGmiXBwmO6M5kIPrntOXdyKZLigNfQWSEQzVxR4a4vo49vJjTWX70mPndj8KhfT4Dx+2Ng3vnBQ==",
			"dev": true,
			"dependencies": {
				"@octokit/types": "^12.0.0",
				"deprecation": "^2.0.0",
				"once": "^1.4.0"
			},
			"engines": {
				"node": ">= 18"
			}
		},
		"node_modules/@octokit/types": {
			"version": "12.4.0",
			"resolved": "https://registry.npmjs.org/@octokit/types/-/types-12.4.0.tgz",
			"integrity": "sha512-FLWs/AvZllw/AGVs+nJ+ELCDZZJk+kY0zMen118xhL2zD0s1etIUHm1odgjP7epxYU1ln7SZxEUWYop5bhsdgQ==",
			"dev": true,
			"dependencies": {
				"@octokit/openapi-types": "^19.1.0"
			}
		},
		"node_modules/@thisismanta/semantic-version": {
			"version": "8.0.0",
			"resolved": "https://registry.npmjs.org/@thisismanta/semantic-version/-/semantic-version-8.0.0.tgz",
			"integrity": "sha512-wdOMLVizuVBkSUhOu/VK0a09fUmRshbwilODem8KmmvSp5CT5R9QqbiOS741mP+bZEvqfx5OV2Ur+dn/SHFrgw==",
			"dev": true,
			"dependencies": {
				"@actions/github": "^6.0.0",
				"semver": "^7.5.4"
			},
			"bin": {
				"auto-npm-version": "bin/auto-npm-version",
				"lint-commit-message": "bin/lint-commit-message"
			},
			"engines": {
				"node": ">=20.0.0"
			}
		},
		"node_modules/@types/lodash": {
			"version": "4.14.202",
			"resolved": "https://registry.npmjs.org/@types/lodash/-/lodash-4.14.202.tgz",
			"integrity": "sha512-OvlIYQK9tNneDlS0VN54LLd5uiPCBOp7gS5Z0f1mjoJYBrtStzgmJBxONW3U6OZqdtNzZPmn9BS/7WI7BFFcFQ==",
			"dev": true
		},
		"node_modules/@types/node": {
			"version": "20.1.3",
			"resolved": "https://registry.npmjs.org/@types/node/-/node-20.1.3.tgz",
			"integrity": "sha512-NP2yfZpgmf2eDRPmgGq+fjGjSwFgYbihA8/gK+ey23qT9RkxsgNTZvGOEpXgzIGqesTYkElELLgtKoMQTys5vA==",
			"dev": true
		},
		"node_modules/@types/vscode": {
			"version": "1.78.0",
			"resolved": "https://registry.npmjs.org/@types/vscode/-/vscode-1.78.0.tgz",
			"integrity": "sha512-LJZIJpPvKJ0HVQDqfOy6W4sNKUBBwyDu1Bs8chHBZOe9MNuKTJtidgZ2bqjhmmWpUb0TIIqv47BFUcVmAsgaVA==",
			"dev": true
		},
		"node_modules/before-after-hook": {
			"version": "2.2.3",
			"resolved": "https://registry.npmjs.org/before-after-hook/-/before-after-hook-2.2.3.tgz",
			"integrity": "sha512-NzUnlZexiaH/46WDhANlyR2bXRopNg4F/zuSA3OpZnllCUgRaOF2znDioDWrmbNVsuZk6l9pMquQB38cfBZwkQ==",
			"dev": true
		},
		"node_modules/deprecation": {
			"version": "2.3.1",
			"resolved": "https://registry.npmjs.org/deprecation/-/deprecation-2.3.1.tgz",
			"integrity": "sha512-xmHIy4F3scKVwMsQ4WnVaS8bHOx0DmVwRywosKhaILI0ywMDWPtBSku2HNxRvF7jtwDRsoEwYQSfbxj8b7RlJQ==",
			"dev": true
		},
		"node_modules/esbuild": {
			"version": "0.20.0",
			"resolved": "https://registry.npmjs.org/esbuild/-/esbuild-0.20.0.tgz",
			"integrity": "sha512-6iwE3Y2RVYCME1jLpBqq7LQWK3MW6vjV2bZy6gt/WrqkY+WE74Spyc0ThAOYpMtITvnjX09CrC6ym7A/m9mebA==",
			"dev": true,
			"hasInstallScript": true,
			"bin": {
				"esbuild": "bin/esbuild"
			},
			"engines": {
				"node": ">=12"
			},
			"optionalDependencies": {
				"@esbuild/aix-ppc64": "0.20.0",
				"@esbuild/android-arm": "0.20.0",
				"@esbuild/android-arm64": "0.20.0",
				"@esbuild/android-x64": "0.20.0",
				"@esbuild/darwin-arm64": "0.20.0",
				"@esbuild/darwin-x64": "0.20.0",
				"@esbuild/freebsd-arm64": "0.20.0",
				"@esbuild/freebsd-x64": "0.20.0",
				"@esbuild/linux-arm": "0.20.0",
				"@esbuild/linux-arm64": "0.20.0",
				"@esbuild/linux-ia32": "0.20.0",
				"@esbuild/linux-loong64": "0.20.0",
				"@esbuild/linux-mips64el": "0.20.0",
				"@esbuild/linux-ppc64": "0.20.0",
				"@esbuild/linux-riscv64": "0.20.0",
				"@esbuild/linux-s390x": "0.20.0",
				"@esbuild/linux-x64": "0.20.0",
				"@esbuild/netbsd-x64": "0.20.0",
				"@esbuild/openbsd-x64": "0.20.0",
				"@esbuild/sunos-x64": "0.20.0",
				"@esbuild/win32-arm64": "0.20.0",
				"@esbuild/win32-ia32": "0.20.0",
				"@esbuild/win32-x64": "0.20.0"
			}
		},
		"node_modules/lefthook": {
			"version": "1.6.1",
			"resolved": "https://registry.npmjs.org/lefthook/-/lefthook-1.6.1.tgz",
			"integrity": "sha512-1T+tk0V6ubZgiZJGi39QlLMAcgEw+lhoDeSpT3L8Y/f8nUpJW9ntcMOmt+uvMfQ3TVjNcR1r/Lhtm7gTqgdcPg==",
			"dev": true,
			"hasInstallScript": true,
			"bin": {
				"lefthook": "bin/index.js"
			},
			"optionalDependencies": {
				"lefthook-darwin-arm64": "1.6.1",
				"lefthook-darwin-x64": "1.6.1",
				"lefthook-freebsd-arm64": "1.6.1",
				"lefthook-freebsd-x64": "1.6.1",
				"lefthook-linux-arm64": "1.6.1",
				"lefthook-linux-x64": "1.6.1",
				"lefthook-windows-arm64": "1.6.1",
				"lefthook-windows-x64": "1.6.1"
			}
		},
		"node_modules/lefthook-darwin-arm64": {
			"version": "1.6.1",
			"resolved": "https://registry.npmjs.org/lefthook-darwin-arm64/-/lefthook-darwin-arm64-1.6.1.tgz",
			"integrity": "sha512-q6+sYr2Dpt6YnBGXRjMFcXZUnVB97nH+s7EP/tX8m9ewvQxLPqIiUPyAumfyJ2Siomkc5WgAinG+kT63VjUN3A==",
			"cpu": [
				"arm64"
			],
			"dev": true,
			"optional": true,
			"os": [
				"darwin"
			]
		},
		"node_modules/lefthook-darwin-x64": {
			"version": "1.6.1",
			"resolved": "https://registry.npmjs.org/lefthook-darwin-x64/-/lefthook-darwin-x64-1.6.1.tgz",
			"integrity": "sha512-utm7FwtbW8SxGMALIw5/iG4loYS2FI0crDKp/YIamrZgQr6M4pS2C3rxGj5OwiHFIm3arVU+3VZywdvRLJAw0w==",
			"cpu": [
				"x64"
			],
			"dev": true,
			"optional": true,
			"os": [
				"darwin"
			]
		},
		"node_modules/lefthook-freebsd-arm64": {
			"version": "1.6.1",
			"resolved": "https://registry.npmjs.org/lefthook-freebsd-arm64/-/lefthook-freebsd-arm64-1.6.1.tgz",
			"integrity": "sha512-F2BoDnGznkJyn6lyhmXpu62yq7SMCeHAl3Bl8c+P6mXfmatjjxEpVmrzRuzKMPd/MRGpy2B/glkuyO4wZZazow==",
			"cpu": [
				"arm64"
			],
			"dev": true,
			"optional": true,
			"os": [
				"freebsd"
			]
		},
		"node_modules/lefthook-freebsd-x64": {
			"version": "1.6.1",
			"resolved": "https://registry.npmjs.org/lefthook-freebsd-x64/-/lefthook-freebsd-x64-1.6.1.tgz",
			"integrity": "sha512-/NBjMUtnwvdc/p821sfPnZCbWZ6FQkAvnvjoaQu6tkajKZbZYSKsl7UtAicO0nT+79BQFt7TbaZjpua2T9tM5w==",
			"cpu": [
				"x64"
			],
			"dev": true,
			"optional": true,
			"os": [
				"freebsd"
			]
		},
		"node_modules/lefthook-linux-arm64": {
			"version": "1.6.1",
			"resolved": "https://registry.npmjs.org/lefthook-linux-arm64/-/lefthook-linux-arm64-1.6.1.tgz",
			"integrity": "sha512-ke+2ni/bmxgYJSRsH+uIYYfTLj2It7WP+mcF4rfJHRbzn5yDYIjFgylUMC2CgW5urS4DSbxcRIbAqLY3OXAHnw==",
			"cpu": [
				"arm64"
			],
			"dev": true,
			"optional": true,
			"os": [
				"linux"
			]
		},
		"node_modules/lefthook-linux-x64": {
			"version": "1.6.1",
			"resolved": "https://registry.npmjs.org/lefthook-linux-x64/-/lefthook-linux-x64-1.6.1.tgz",
			"integrity": "sha512-/HLkl9jt3XRjT0RPaLpAgUQmvp4zV/KKZ/8x6xslPl89krv3ZkHKKrqeaHdhiengq3hzx3N+KbOfFcxBRzdT6A==",
			"cpu": [
				"x64"
			],
			"dev": true,
			"optional": true,
			"os": [
				"linux"
			]
		},
		"node_modules/lefthook-windows-arm64": {
			"version": "1.6.1",
			"resolved": "https://registry.npmjs.org/lefthook-windows-arm64/-/lefthook-windows-arm64-1.6.1.tgz",
			"integrity": "sha512-RyQ8S4/45BpJpRPy7KsOuJeXQ5FOa7MASoPtOYvrXt4A8kayCv1jlGs7MTv3XJbUosCJhfNpw3ReeHVGfw1KIw==",
			"cpu": [
				"arm64"
			],
			"dev": true,
			"optional": true,
			"os": [
				"win32"
			]
		},
		"node_modules/lefthook-windows-x64": {
			"version": "1.6.1",
			"resolved": "https://registry.npmjs.org/lefthook-windows-x64/-/lefthook-windows-x64-1.6.1.tgz",
			"integrity": "sha512-poYLk2tfg1Ncr4aZeFuhHjv1qH6f9hX3tV1FOK2MfWkXkRTYPl6MF5h/ONMIv71BsLjGbAA7LNXM5Mj4/B//lQ==",
			"cpu": [
				"x64"
			],
			"dev": true,
			"optional": true,
			"os": [
				"win32"
			]
		},
		"node_modules/lodash": {
			"version": "4.17.21",
			"resolved": "https://registry.npmjs.org/lodash/-/lodash-4.17.21.tgz",
			"integrity": "sha512-v2kDEe57lecTulaDIuNTPy3Ry4gLGJ6Z1O3vE1krgXZNrsQ+LFTGHVxVjcXPs17LhbZVGedAJv8XZ1tvj5FvSg==",
			"dev": true
		},
		"node_modules/lru-cache": {
			"version": "6.0.0",
			"resolved": "https://registry.npmjs.org/lru-cache/-/lru-cache-6.0.0.tgz",
			"integrity": "sha512-Jo6dJ04CmSjuznwJSS3pUeWmd/H0ffTlkXXgwZi+eq1UCmqQwCh+eLsYOYCwY991i2Fah4h1BEMCx4qThGbsiA==",
			"dev": true,
			"dependencies": {
				"yallist": "^4.0.0"
			},
			"engines": {
				"node": ">=10"
			}
		},
		"node_modules/once": {
			"version": "1.4.0",
			"resolved": "https://registry.npmjs.org/once/-/once-1.4.0.tgz",
			"integrity": "sha512-lNaJgI+2Q5URQBkccEKHTQOPaXdUxnZZElQTZY0MFUAuaEqe1E+Nyvgdz/aIyNi6Z9MzO5dv1H8n58/GELp3+w==",
			"dev": true,
			"dependencies": {
				"wrappy": "1"
			}
		},
		"node_modules/semver": {
			"version": "7.5.4",
			"resolved": "https://registry.npmjs.org/semver/-/semver-7.5.4.tgz",
			"integrity": "sha512-1bCSESV6Pv+i21Hvpxp3Dx+pSD8lIPt8uVjRrxAUt/nbswYc+tK6Y2btiULjd4+fnq15PX+nqQDC7Oft7WkwcA==",
			"dev": true,
			"dependencies": {
				"lru-cache": "^6.0.0"
			},
			"bin": {
				"semver": "bin/semver.js"
			},
			"engines": {
				"node": ">=10"
			}
		},
		"node_modules/tunnel": {
			"version": "0.0.6",
			"resolved": "https://registry.npmjs.org/tunnel/-/tunnel-0.0.6.tgz",
			"integrity": "sha512-1h/Lnq9yajKY2PEbBadPXj3VxsDDu844OnaAo52UVmIzIvwwtBPIuNvkjuzBlTWpfJyUbG3ez0KSBibQkj4ojg==",
			"dev": true,
			"engines": {
				"node": ">=0.6.11 <=0.7.0 || >=0.7.3"
			}
		},
		"node_modules/typescript": {
			"version": "5.3.3",
			"resolved": "https://registry.npmjs.org/typescript/-/typescript-5.3.3.tgz",
			"integrity": "sha512-pXWcraxM0uxAS+tN0AG/BF2TyqmHO014Z070UsJ+pFvYuRSq8KH8DmWpnbXe0pEPDHXZV3FcAbJkijJ5oNEnWw==",
			"bin": {
				"tsc": "bin/tsc",
				"tsserver": "bin/tsserver"
			},
			"engines": {
				"node": ">=14.17"
			}
		},
		"node_modules/undici": {
			"version": "5.28.3",
			"resolved": "https://registry.npmjs.org/undici/-/undici-5.28.3.tgz",
			"integrity": "sha512-3ItfzbrhDlINjaP0duwnNsKpDQk3acHI3gVJ1z4fmwMK31k5G9OVIAMLSIaP6w4FaGkaAkN6zaQO9LUvZ1t7VA==",
			"dev": true,
			"dependencies": {
				"@fastify/busboy": "^2.0.0"
			},
			"engines": {
				"node": ">=14.0"
			}
		},
		"node_modules/universal-user-agent": {
			"version": "6.0.1",
			"resolved": "https://registry.npmjs.org/universal-user-agent/-/universal-user-agent-6.0.1.tgz",
			"integrity": "sha512-yCzhz6FN2wU1NiiQRogkTQszlQSlpWaw8SvVegAc+bDxbzHgh1vX8uIe8OYyMH6DwH+sdTJsgMl36+mSMdRJIQ==",
			"dev": true
		},
		"node_modules/wrappy": {
			"version": "1.0.2",
			"resolved": "https://registry.npmjs.org/wrappy/-/wrappy-1.0.2.tgz",
			"integrity": "sha512-l4Sp/DRseor9wL6EvV2+TuQn63dMkPjZ/sp9XkghTEbV9KlPS1xUsZ3u7/IQO4wxtcFB4bgpQPRcR3QCvezPcQ==",
			"dev": true
		},
		"node_modules/yallist": {
			"version": "4.0.0",
			"resolved": "https://registry.npmjs.org/yallist/-/yallist-4.0.0.tgz",
			"integrity": "sha512-3wdGidZyq5PB084XLES5TpOSRA3wjXAlIWMhum2kRcv/41Sn2emQ0dycQW4uZXLejwKvg6EsvbdlVL+FYEct7A==",
			"dev": true
		}
	},
	"dependencies": {
		"@actions/github": {
			"version": "6.0.0",
			"resolved": "https://registry.npmjs.org/@actions/github/-/github-6.0.0.tgz",
			"integrity": "sha512-alScpSVnYmjNEXboZjarjukQEzgCRmjMv6Xj47fsdnqGS73bjJNDpiiXmp8jr0UZLdUB6d9jW63IcmddUP+l0g==",
			"dev": true,
			"requires": {
				"@actions/http-client": "^2.2.0",
				"@octokit/core": "^5.0.1",
				"@octokit/plugin-paginate-rest": "^9.0.0",
				"@octokit/plugin-rest-endpoint-methods": "^10.0.0"
			}
		},
		"@actions/http-client": {
			"version": "2.2.0",
			"resolved": "https://registry.npmjs.org/@actions/http-client/-/http-client-2.2.0.tgz",
			"integrity": "sha512-q+epW0trjVUUHboliPb4UF9g2msf+w61b32tAkFEwL/IwP0DQWgbCMM0Hbe3e3WXSKz5VcUXbzJQgy8Hkra/Lg==",
			"dev": true,
			"requires": {
				"tunnel": "^0.0.6",
				"undici": "^5.25.4"
			}
		},
		"@esbuild/aix-ppc64": {
			"version": "0.20.0",
			"resolved": "https://registry.npmjs.org/@esbuild/aix-ppc64/-/aix-ppc64-0.20.0.tgz",
			"integrity": "sha512-fGFDEctNh0CcSwsiRPxiaqX0P5rq+AqE0SRhYGZ4PX46Lg1FNR6oCxJghf8YgY0WQEgQuh3lErUFE4KxLeRmmw==",
			"dev": true,
			"optional": true
		},
		"@esbuild/android-arm": {
			"version": "0.20.0",
			"resolved": "https://registry.npmjs.org/@esbuild/android-arm/-/android-arm-0.20.0.tgz",
			"integrity": "sha512-3bMAfInvByLHfJwYPJRlpTeaQA75n8C/QKpEaiS4HrFWFiJlNI0vzq/zCjBrhAYcPyVPG7Eo9dMrcQXuqmNk5g==",
			"dev": true,
			"optional": true
		},
		"@esbuild/android-arm64": {
			"version": "0.20.0",
			"resolved": "https://registry.npmjs.org/@esbuild/android-arm64/-/android-arm64-0.20.0.tgz",
			"integrity": "sha512-aVpnM4lURNkp0D3qPoAzSG92VXStYmoVPOgXveAUoQBWRSuQzt51yvSju29J6AHPmwY1BjH49uR29oyfH1ra8Q==",
			"dev": true,
			"optional": true
		},
		"@esbuild/android-x64": {
			"version": "0.20.0",
			"resolved": "https://registry.npmjs.org/@esbuild/android-x64/-/android-x64-0.20.0.tgz",
			"integrity": "sha512-uK7wAnlRvjkCPzh8jJ+QejFyrP8ObKuR5cBIsQZ+qbMunwR8sbd8krmMbxTLSrDhiPZaJYKQAU5Y3iMDcZPhyQ==",
			"dev": true,
			"optional": true
		},
		"@esbuild/darwin-arm64": {
			"version": "0.20.0",
			"resolved": "https://registry.npmjs.org/@esbuild/darwin-arm64/-/darwin-arm64-0.20.0.tgz",
			"integrity": "sha512-AjEcivGAlPs3UAcJedMa9qYg9eSfU6FnGHJjT8s346HSKkrcWlYezGE8VaO2xKfvvlZkgAhyvl06OJOxiMgOYQ==",
			"dev": true,
			"optional": true
		},
		"@esbuild/darwin-x64": {
			"version": "0.20.0",
			"resolved": "https://registry.npmjs.org/@esbuild/darwin-x64/-/darwin-x64-0.20.0.tgz",
			"integrity": "sha512-bsgTPoyYDnPv8ER0HqnJggXK6RyFy4PH4rtsId0V7Efa90u2+EifxytE9pZnsDgExgkARy24WUQGv9irVbTvIw==",
			"dev": true,
			"optional": true
		},
		"@esbuild/freebsd-arm64": {
			"version": "0.20.0",
			"resolved": "https://registry.npmjs.org/@esbuild/freebsd-arm64/-/freebsd-arm64-0.20.0.tgz",
			"integrity": "sha512-kQ7jYdlKS335mpGbMW5tEe3IrQFIok9r84EM3PXB8qBFJPSc6dpWfrtsC/y1pyrz82xfUIn5ZrnSHQQsd6jebQ==",
			"dev": true,
			"optional": true
		},
		"@esbuild/freebsd-x64": {
			"version": "0.20.0",
			"resolved": "https://registry.npmjs.org/@esbuild/freebsd-x64/-/freebsd-x64-0.20.0.tgz",
			"integrity": "sha512-uG8B0WSepMRsBNVXAQcHf9+Ko/Tr+XqmK7Ptel9HVmnykupXdS4J7ovSQUIi0tQGIndhbqWLaIL/qO/cWhXKyQ==",
			"dev": true,
			"optional": true
		},
		"@esbuild/linux-arm": {
			"version": "0.20.0",
			"resolved": "https://registry.npmjs.org/@esbuild/linux-arm/-/linux-arm-0.20.0.tgz",
			"integrity": "sha512-2ezuhdiZw8vuHf1HKSf4TIk80naTbP9At7sOqZmdVwvvMyuoDiZB49YZKLsLOfKIr77+I40dWpHVeY5JHpIEIg==",
			"dev": true,
			"optional": true
		},
		"@esbuild/linux-arm64": {
			"version": "0.20.0",
			"resolved": "https://registry.npmjs.org/@esbuild/linux-arm64/-/linux-arm64-0.20.0.tgz",
			"integrity": "sha512-uTtyYAP5veqi2z9b6Gr0NUoNv9F/rOzI8tOD5jKcCvRUn7T60Bb+42NDBCWNhMjkQzI0qqwXkQGo1SY41G52nw==",
			"dev": true,
			"optional": true
		},
		"@esbuild/linux-ia32": {
			"version": "0.20.0",
			"resolved": "https://registry.npmjs.org/@esbuild/linux-ia32/-/linux-ia32-0.20.0.tgz",
			"integrity": "sha512-c88wwtfs8tTffPaoJ+SQn3y+lKtgTzyjkD8NgsyCtCmtoIC8RDL7PrJU05an/e9VuAke6eJqGkoMhJK1RY6z4w==",
			"dev": true,
			"optional": true
		},
		"@esbuild/linux-loong64": {
			"version": "0.20.0",
			"resolved": "https://registry.npmjs.org/@esbuild/linux-loong64/-/linux-loong64-0.20.0.tgz",
			"integrity": "sha512-lR2rr/128/6svngnVta6JN4gxSXle/yZEZL3o4XZ6esOqhyR4wsKyfu6qXAL04S4S5CgGfG+GYZnjFd4YiG3Aw==",
			"dev": true,
			"optional": true
		},
		"@esbuild/linux-mips64el": {
			"version": "0.20.0",
			"resolved": "https://registry.npmjs.org/@esbuild/linux-mips64el/-/linux-mips64el-0.20.0.tgz",
			"integrity": "sha512-9Sycc+1uUsDnJCelDf6ZNqgZQoK1mJvFtqf2MUz4ujTxGhvCWw+4chYfDLPepMEvVL9PDwn6HrXad5yOrNzIsQ==",
			"dev": true,
			"optional": true
		},
		"@esbuild/linux-ppc64": {
			"version": "0.20.0",
			"resolved": "https://registry.npmjs.org/@esbuild/linux-ppc64/-/linux-ppc64-0.20.0.tgz",
			"integrity": "sha512-CoWSaaAXOZd+CjbUTdXIJE/t7Oz+4g90A3VBCHLbfuc5yUQU/nFDLOzQsN0cdxgXd97lYW/psIIBdjzQIwTBGw==",
			"dev": true,
			"optional": true
		},
		"@esbuild/linux-riscv64": {
			"version": "0.20.0",
			"resolved": "https://registry.npmjs.org/@esbuild/linux-riscv64/-/linux-riscv64-0.20.0.tgz",
			"integrity": "sha512-mlb1hg/eYRJUpv8h/x+4ShgoNLL8wgZ64SUr26KwglTYnwAWjkhR2GpoKftDbPOCnodA9t4Y/b68H4J9XmmPzA==",
			"dev": true,
			"optional": true
		},
		"@esbuild/linux-s390x": {
			"version": "0.20.0",
			"resolved": "https://registry.npmjs.org/@esbuild/linux-s390x/-/linux-s390x-0.20.0.tgz",
			"integrity": "sha512-fgf9ubb53xSnOBqyvWEY6ukBNRl1mVX1srPNu06B6mNsNK20JfH6xV6jECzrQ69/VMiTLvHMicQR/PgTOgqJUQ==",
			"dev": true,
			"optional": true
		},
		"@esbuild/linux-x64": {
			"version": "0.20.0",
			"resolved": "https://registry.npmjs.org/@esbuild/linux-x64/-/linux-x64-0.20.0.tgz",
			"integrity": "sha512-H9Eu6MGse++204XZcYsse1yFHmRXEWgadk2N58O/xd50P9EvFMLJTQLg+lB4E1cF2xhLZU5luSWtGTb0l9UeSg==",
			"dev": true,
			"optional": true
		},
		"@esbuild/netbsd-x64": {
			"version": "0.20.0",
			"resolved": "https://registry.npmjs.org/@esbuild/netbsd-x64/-/netbsd-x64-0.20.0.tgz",
			"integrity": "sha512-lCT675rTN1v8Fo+RGrE5KjSnfY0x9Og4RN7t7lVrN3vMSjy34/+3na0q7RIfWDAj0e0rCh0OL+P88lu3Rt21MQ==",
			"dev": true,
			"optional": true
		},
		"@esbuild/openbsd-x64": {
			"version": "0.20.0",
			"resolved": "https://registry.npmjs.org/@esbuild/openbsd-x64/-/openbsd-x64-0.20.0.tgz",
			"integrity": "sha512-HKoUGXz/TOVXKQ+67NhxyHv+aDSZf44QpWLa3I1lLvAwGq8x1k0T+e2HHSRvxWhfJrFxaaqre1+YyzQ99KixoA==",
			"dev": true,
			"optional": true
		},
		"@esbuild/sunos-x64": {
			"version": "0.20.0",
			"resolved": "https://registry.npmjs.org/@esbuild/sunos-x64/-/sunos-x64-0.20.0.tgz",
			"integrity": "sha512-GDwAqgHQm1mVoPppGsoq4WJwT3vhnz/2N62CzhvApFD1eJyTroob30FPpOZabN+FgCjhG+AgcZyOPIkR8dfD7g==",
			"dev": true,
			"optional": true
		},
		"@esbuild/win32-arm64": {
			"version": "0.20.0",
			"resolved": "https://registry.npmjs.org/@esbuild/win32-arm64/-/win32-arm64-0.20.0.tgz",
			"integrity": "sha512-0vYsP8aC4TvMlOQYozoksiaxjlvUcQrac+muDqj1Fxy6jh9l9CZJzj7zmh8JGfiV49cYLTorFLxg7593pGldwQ==",
			"dev": true,
			"optional": true
		},
		"@esbuild/win32-ia32": {
			"version": "0.20.0",
			"resolved": "https://registry.npmjs.org/@esbuild/win32-ia32/-/win32-ia32-0.20.0.tgz",
			"integrity": "sha512-p98u4rIgfh4gdpV00IqknBD5pC84LCub+4a3MO+zjqvU5MVXOc3hqR2UgT2jI2nh3h8s9EQxmOsVI3tyzv1iFg==",
			"dev": true,
			"optional": true
		},
		"@esbuild/win32-x64": {
			"version": "0.20.0",
			"resolved": "https://registry.npmjs.org/@esbuild/win32-x64/-/win32-x64-0.20.0.tgz",
			"integrity": "sha512-NgJnesu1RtWihtTtXGFMU5YSE6JyyHPMxCwBZK7a6/8d31GuSo9l0Ss7w1Jw5QnKUawG6UEehs883kcXf5fYwg==",
			"dev": true,
			"optional": true
		},
		"@fastify/busboy": {
			"version": "2.1.0",
			"resolved": "https://registry.npmjs.org/@fastify/busboy/-/busboy-2.1.0.tgz",
			"integrity": "sha512-+KpH+QxZU7O4675t3mnkQKcZZg56u+K/Ct2K+N2AZYNVK8kyeo/bI18tI8aPm3tvNNRyTWfj6s5tnGNlcbQRsA==",
			"dev": true
		},
		"@octokit/auth-token": {
			"version": "4.0.0",
			"resolved": "https://registry.npmjs.org/@octokit/auth-token/-/auth-token-4.0.0.tgz",
			"integrity": "sha512-tY/msAuJo6ARbK6SPIxZrPBms3xPbfwBrulZe0Wtr/DIY9lje2HeV1uoebShn6mx7SjCHif6EjMvoREj+gZ+SA==",
			"dev": true
		},
		"@octokit/core": {
			"version": "5.1.0",
			"resolved": "https://registry.npmjs.org/@octokit/core/-/core-5.1.0.tgz",
			"integrity": "sha512-BDa2VAMLSh3otEiaMJ/3Y36GU4qf6GI+VivQ/P41NC6GHcdxpKlqV0ikSZ5gdQsmS3ojXeRx5vasgNTinF0Q4g==",
			"dev": true,
			"requires": {
				"@octokit/auth-token": "^4.0.0",
				"@octokit/graphql": "^7.0.0",
				"@octokit/request": "^8.0.2",
				"@octokit/request-error": "^5.0.0",
				"@octokit/types": "^12.0.0",
				"before-after-hook": "^2.2.0",
				"universal-user-agent": "^6.0.0"
			}
		},
		"@octokit/endpoint": {
			"version": "9.0.4",
			"resolved": "https://registry.npmjs.org/@octokit/endpoint/-/endpoint-9.0.4.tgz",
			"integrity": "sha512-DWPLtr1Kz3tv8L0UvXTDP1fNwM0S+z6EJpRcvH66orY6Eld4XBMCSYsaWp4xIm61jTWxK68BrR7ibO+vSDnZqw==",
			"dev": true,
			"requires": {
				"@octokit/types": "^12.0.0",
				"universal-user-agent": "^6.0.0"
			}
		},
		"@octokit/graphql": {
			"version": "7.0.2",
			"resolved": "https://registry.npmjs.org/@octokit/graphql/-/graphql-7.0.2.tgz",
			"integrity": "sha512-OJ2iGMtj5Tg3s6RaXH22cJcxXRi7Y3EBqbHTBRq+PQAqfaS8f/236fUrWhfSn8P4jovyzqucxme7/vWSSZBX2Q==",
			"dev": true,
			"requires": {
				"@octokit/request": "^8.0.1",
				"@octokit/types": "^12.0.0",
				"universal-user-agent": "^6.0.0"
			}
		},
		"@octokit/openapi-types": {
			"version": "19.1.0",
			"resolved": "https://registry.npmjs.org/@octokit/openapi-types/-/openapi-types-19.1.0.tgz",
			"integrity": "sha512-6G+ywGClliGQwRsjvqVYpklIfa7oRPA0vyhPQG/1Feh+B+wU0vGH1JiJ5T25d3g1JZYBHzR2qefLi9x8Gt+cpw==",
			"dev": true
		},
		"@octokit/plugin-paginate-rest": {
			"version": "9.1.5",
			"resolved": "https://registry.npmjs.org/@octokit/plugin-paginate-rest/-/plugin-paginate-rest-9.1.5.tgz",
			"integrity": "sha512-WKTQXxK+bu49qzwv4qKbMMRXej1DU2gq017euWyKVudA6MldaSSQuxtz+vGbhxV4CjxpUxjZu6rM2wfc1FiWVg==",
			"dev": true,
			"requires": {
				"@octokit/types": "^12.4.0"
			}
		},
		"@octokit/plugin-rest-endpoint-methods": {
			"version": "10.2.0",
			"resolved": "https://registry.npmjs.org/@octokit/plugin-rest-endpoint-methods/-/plugin-rest-endpoint-methods-10.2.0.tgz",
			"integrity": "sha512-ePbgBMYtGoRNXDyKGvr9cyHjQ163PbwD0y1MkDJCpkO2YH4OeXX40c4wYHKikHGZcpGPbcRLuy0unPUuafco8Q==",
			"dev": true,
			"requires": {
				"@octokit/types": "^12.3.0"
			}
		},
		"@octokit/request": {
			"version": "8.1.6",
			"resolved": "https://registry.npmjs.org/@octokit/request/-/request-8.1.6.tgz",
			"integrity": "sha512-YhPaGml3ncZC1NfXpP3WZ7iliL1ap6tLkAp6MvbK2fTTPytzVUyUesBBogcdMm86uRYO5rHaM1xIWxigWZ17MQ==",
			"dev": true,
			"requires": {
				"@octokit/endpoint": "^9.0.0",
				"@octokit/request-error": "^5.0.0",
				"@octokit/types": "^12.0.0",
				"universal-user-agent": "^6.0.0"
			}
		},
		"@octokit/request-error": {
			"version": "5.0.1",
			"resolved": "https://registry.npmjs.org/@octokit/request-error/-/request-error-5.0.1.tgz",
			"integrity": "sha512-X7pnyTMV7MgtGmiXBwmO6M5kIPrntOXdyKZLigNfQWSEQzVxR4a4vo49vJjTWX70mPndj8KhfT4Dx+2Ng3vnBQ==",
			"dev": true,
			"requires": {
				"@octokit/types": "^12.0.0",
				"deprecation": "^2.0.0",
				"once": "^1.4.0"
			}
		},
		"@octokit/types": {
			"version": "12.4.0",
			"resolved": "https://registry.npmjs.org/@octokit/types/-/types-12.4.0.tgz",
			"integrity": "sha512-FLWs/AvZllw/AGVs+nJ+ELCDZZJk+kY0zMen118xhL2zD0s1etIUHm1odgjP7epxYU1ln7SZxEUWYop5bhsdgQ==",
			"dev": true,
			"requires": {
				"@octokit/openapi-types": "^19.1.0"
			}
		},
		"@thisismanta/semantic-version": {
			"version": "8.0.0",
			"resolved": "https://registry.npmjs.org/@thisismanta/semantic-version/-/semantic-version-8.0.0.tgz",
			"integrity": "sha512-wdOMLVizuVBkSUhOu/VK0a09fUmRshbwilODem8KmmvSp5CT5R9QqbiOS741mP+bZEvqfx5OV2Ur+dn/SHFrgw==",
			"dev": true,
			"requires": {
				"@actions/github": "^6.0.0",
				"semver": "^7.5.4"
			}
		},
		"@types/lodash": {
			"version": "4.14.202",
			"resolved": "https://registry.npmjs.org/@types/lodash/-/lodash-4.14.202.tgz",
			"integrity": "sha512-OvlIYQK9tNneDlS0VN54LLd5uiPCBOp7gS5Z0f1mjoJYBrtStzgmJBxONW3U6OZqdtNzZPmn9BS/7WI7BFFcFQ==",
			"dev": true
		},
		"@types/node": {
			"version": "20.1.3",
			"resolved": "https://registry.npmjs.org/@types/node/-/node-20.1.3.tgz",
			"integrity": "sha512-NP2yfZpgmf2eDRPmgGq+fjGjSwFgYbihA8/gK+ey23qT9RkxsgNTZvGOEpXgzIGqesTYkElELLgtKoMQTys5vA==",
			"dev": true
		},
		"@types/vscode": {
			"version": "1.78.0",
			"resolved": "https://registry.npmjs.org/@types/vscode/-/vscode-1.78.0.tgz",
			"integrity": "sha512-LJZIJpPvKJ0HVQDqfOy6W4sNKUBBwyDu1Bs8chHBZOe9MNuKTJtidgZ2bqjhmmWpUb0TIIqv47BFUcVmAsgaVA==",
			"dev": true
		},
		"before-after-hook": {
			"version": "2.2.3",
			"resolved": "https://registry.npmjs.org/before-after-hook/-/before-after-hook-2.2.3.tgz",
			"integrity": "sha512-NzUnlZexiaH/46WDhANlyR2bXRopNg4F/zuSA3OpZnllCUgRaOF2znDioDWrmbNVsuZk6l9pMquQB38cfBZwkQ==",
			"dev": true
		},
		"deprecation": {
			"version": "2.3.1",
			"resolved": "https://registry.npmjs.org/deprecation/-/deprecation-2.3.1.tgz",
			"integrity": "sha512-xmHIy4F3scKVwMsQ4WnVaS8bHOx0DmVwRywosKhaILI0ywMDWPtBSku2HNxRvF7jtwDRsoEwYQSfbxj8b7RlJQ==",
			"dev": true
		},
		"esbuild": {
			"version": "0.20.0",
			"resolved": "https://registry.npmjs.org/esbuild/-/esbuild-0.20.0.tgz",
			"integrity": "sha512-6iwE3Y2RVYCME1jLpBqq7LQWK3MW6vjV2bZy6gt/WrqkY+WE74Spyc0ThAOYpMtITvnjX09CrC6ym7A/m9mebA==",
			"dev": true,
			"requires": {
				"@esbuild/aix-ppc64": "0.20.0",
				"@esbuild/android-arm": "0.20.0",
				"@esbuild/android-arm64": "0.20.0",
				"@esbuild/android-x64": "0.20.0",
				"@esbuild/darwin-arm64": "0.20.0",
				"@esbuild/darwin-x64": "0.20.0",
				"@esbuild/freebsd-arm64": "0.20.0",
				"@esbuild/freebsd-x64": "0.20.0",
				"@esbuild/linux-arm": "0.20.0",
				"@esbuild/linux-arm64": "0.20.0",
				"@esbuild/linux-ia32": "0.20.0",
				"@esbuild/linux-loong64": "0.20.0",
				"@esbuild/linux-mips64el": "0.20.0",
				"@esbuild/linux-ppc64": "0.20.0",
				"@esbuild/linux-riscv64": "0.20.0",
				"@esbuild/linux-s390x": "0.20.0",
				"@esbuild/linux-x64": "0.20.0",
				"@esbuild/netbsd-x64": "0.20.0",
				"@esbuild/openbsd-x64": "0.20.0",
				"@esbuild/sunos-x64": "0.20.0",
				"@esbuild/win32-arm64": "0.20.0",
				"@esbuild/win32-ia32": "0.20.0",
				"@esbuild/win32-x64": "0.20.0"
			}
		},
		"lefthook": {
			"version": "1.6.1",
			"resolved": "https://registry.npmjs.org/lefthook/-/lefthook-1.6.1.tgz",
			"integrity": "sha512-1T+tk0V6ubZgiZJGi39QlLMAcgEw+lhoDeSpT3L8Y/f8nUpJW9ntcMOmt+uvMfQ3TVjNcR1r/Lhtm7gTqgdcPg==",
			"dev": true,
			"requires": {
				"lefthook-darwin-arm64": "1.6.1",
				"lefthook-darwin-x64": "1.6.1",
				"lefthook-freebsd-arm64": "1.6.1",
				"lefthook-freebsd-x64": "1.6.1",
				"lefthook-linux-arm64": "1.6.1",
				"lefthook-linux-x64": "1.6.1",
				"lefthook-windows-arm64": "1.6.1",
				"lefthook-windows-x64": "1.6.1"
			}
		},
		"lefthook-darwin-arm64": {
			"version": "1.6.1",
			"resolved": "https://registry.npmjs.org/lefthook-darwin-arm64/-/lefthook-darwin-arm64-1.6.1.tgz",
			"integrity": "sha512-q6+sYr2Dpt6YnBGXRjMFcXZUnVB97nH+s7EP/tX8m9ewvQxLPqIiUPyAumfyJ2Siomkc5WgAinG+kT63VjUN3A==",
			"dev": true,
			"optional": true
		},
		"lefthook-darwin-x64": {
			"version": "1.6.1",
			"resolved": "https://registry.npmjs.org/lefthook-darwin-x64/-/lefthook-darwin-x64-1.6.1.tgz",
			"integrity": "sha512-utm7FwtbW8SxGMALIw5/iG4loYS2FI0crDKp/YIamrZgQr6M4pS2C3rxGj5OwiHFIm3arVU+3VZywdvRLJAw0w==",
			"dev": true,
			"optional": true
		},
		"lefthook-freebsd-arm64": {
			"version": "1.6.1",
			"resolved": "https://registry.npmjs.org/lefthook-freebsd-arm64/-/lefthook-freebsd-arm64-1.6.1.tgz",
			"integrity": "sha512-F2BoDnGznkJyn6lyhmXpu62yq7SMCeHAl3Bl8c+P6mXfmatjjxEpVmrzRuzKMPd/MRGpy2B/glkuyO4wZZazow==",
			"dev": true,
			"optional": true
		},
		"lefthook-freebsd-x64": {
			"version": "1.6.1",
			"resolved": "https://registry.npmjs.org/lefthook-freebsd-x64/-/lefthook-freebsd-x64-1.6.1.tgz",
			"integrity": "sha512-/NBjMUtnwvdc/p821sfPnZCbWZ6FQkAvnvjoaQu6tkajKZbZYSKsl7UtAicO0nT+79BQFt7TbaZjpua2T9tM5w==",
			"dev": true,
			"optional": true
		},
		"lefthook-linux-arm64": {
			"version": "1.6.1",
			"resolved": "https://registry.npmjs.org/lefthook-linux-arm64/-/lefthook-linux-arm64-1.6.1.tgz",
			"integrity": "sha512-ke+2ni/bmxgYJSRsH+uIYYfTLj2It7WP+mcF4rfJHRbzn5yDYIjFgylUMC2CgW5urS4DSbxcRIbAqLY3OXAHnw==",
			"dev": true,
			"optional": true
		},
		"lefthook-linux-x64": {
			"version": "1.6.1",
			"resolved": "https://registry.npmjs.org/lefthook-linux-x64/-/lefthook-linux-x64-1.6.1.tgz",
			"integrity": "sha512-/HLkl9jt3XRjT0RPaLpAgUQmvp4zV/KKZ/8x6xslPl89krv3ZkHKKrqeaHdhiengq3hzx3N+KbOfFcxBRzdT6A==",
			"dev": true,
			"optional": true
		},
		"lefthook-windows-arm64": {
			"version": "1.6.1",
			"resolved": "https://registry.npmjs.org/lefthook-windows-arm64/-/lefthook-windows-arm64-1.6.1.tgz",
			"integrity": "sha512-RyQ8S4/45BpJpRPy7KsOuJeXQ5FOa7MASoPtOYvrXt4A8kayCv1jlGs7MTv3XJbUosCJhfNpw3ReeHVGfw1KIw==",
			"dev": true,
			"optional": true
		},
		"lefthook-windows-x64": {
			"version": "1.6.1",
			"resolved": "https://registry.npmjs.org/lefthook-windows-x64/-/lefthook-windows-x64-1.6.1.tgz",
			"integrity": "sha512-poYLk2tfg1Ncr4aZeFuhHjv1qH6f9hX3tV1FOK2MfWkXkRTYPl6MF5h/ONMIv71BsLjGbAA7LNXM5Mj4/B//lQ==",
			"dev": true,
			"optional": true
		},
		"lodash": {
			"version": "4.17.21",
			"resolved": "https://registry.npmjs.org/lodash/-/lodash-4.17.21.tgz",
			"integrity": "sha512-v2kDEe57lecTulaDIuNTPy3Ry4gLGJ6Z1O3vE1krgXZNrsQ+LFTGHVxVjcXPs17LhbZVGedAJv8XZ1tvj5FvSg==",
			"dev": true
		},
		"lru-cache": {
			"version": "6.0.0",
			"resolved": "https://registry.npmjs.org/lru-cache/-/lru-cache-6.0.0.tgz",
			"integrity": "sha512-Jo6dJ04CmSjuznwJSS3pUeWmd/H0ffTlkXXgwZi+eq1UCmqQwCh+eLsYOYCwY991i2Fah4h1BEMCx4qThGbsiA==",
			"dev": true,
			"requires": {
				"yallist": "^4.0.0"
			}
		},
		"once": {
			"version": "1.4.0",
			"resolved": "https://registry.npmjs.org/once/-/once-1.4.0.tgz",
			"integrity": "sha512-lNaJgI+2Q5URQBkccEKHTQOPaXdUxnZZElQTZY0MFUAuaEqe1E+Nyvgdz/aIyNi6Z9MzO5dv1H8n58/GELp3+w==",
			"dev": true,
			"requires": {
				"wrappy": "1"
			}
		},
		"semver": {
			"version": "7.5.4",
			"resolved": "https://registry.npmjs.org/semver/-/semver-7.5.4.tgz",
			"integrity": "sha512-1bCSESV6Pv+i21Hvpxp3Dx+pSD8lIPt8uVjRrxAUt/nbswYc+tK6Y2btiULjd4+fnq15PX+nqQDC7Oft7WkwcA==",
			"dev": true,
			"requires": {
				"lru-cache": "^6.0.0"
			}
		},
		"tunnel": {
			"version": "0.0.6",
			"resolved": "https://registry.npmjs.org/tunnel/-/tunnel-0.0.6.tgz",
			"integrity": "sha512-1h/Lnq9yajKY2PEbBadPXj3VxsDDu844OnaAo52UVmIzIvwwtBPIuNvkjuzBlTWpfJyUbG3ez0KSBibQkj4ojg==",
			"dev": true
		},
		"typescript": {
			"version": "5.3.3",
			"resolved": "https://registry.npmjs.org/typescript/-/typescript-5.3.3.tgz",
			"integrity": "sha512-pXWcraxM0uxAS+tN0AG/BF2TyqmHO014Z070UsJ+pFvYuRSq8KH8DmWpnbXe0pEPDHXZV3FcAbJkijJ5oNEnWw=="
		},
		"undici": {
			"version": "5.28.3",
			"resolved": "https://registry.npmjs.org/undici/-/undici-5.28.3.tgz",
			"integrity": "sha512-3ItfzbrhDlINjaP0duwnNsKpDQk3acHI3gVJ1z4fmwMK31k5G9OVIAMLSIaP6w4FaGkaAkN6zaQO9LUvZ1t7VA==",
			"dev": true,
			"requires": {
				"@fastify/busboy": "^2.0.0"
			}
		},
		"universal-user-agent": {
			"version": "6.0.1",
			"resolved": "https://registry.npmjs.org/universal-user-agent/-/universal-user-agent-6.0.1.tgz",
			"integrity": "sha512-yCzhz6FN2wU1NiiQRogkTQszlQSlpWaw8SvVegAc+bDxbzHgh1vX8uIe8OYyMH6DwH+sdTJsgMl36+mSMdRJIQ==",
			"dev": true
		},
		"wrappy": {
			"version": "1.0.2",
			"resolved": "https://registry.npmjs.org/wrappy/-/wrappy-1.0.2.tgz",
			"integrity": "sha512-l4Sp/DRseor9wL6EvV2+TuQn63dMkPjZ/sp9XkghTEbV9KlPS1xUsZ3u7/IQO4wxtcFB4bgpQPRcR3QCvezPcQ==",
			"dev": true
		},
		"yallist": {
			"version": "4.0.0",
			"resolved": "https://registry.npmjs.org/yallist/-/yallist-4.0.0.tgz",
			"integrity": "sha512-3wdGidZyq5PB084XLES5TpOSRA3wjXAlIWMhum2kRcv/41Sn2emQ0dycQW4uZXLejwKvg6EsvbdlVL+FYEct7A==",
			"dev": true
		}
	}
}
